PODS:
  - Aspects (1.4.1)
  - Endo (0.0.1):
    - Aspects
  - pop (1.0.10)

DEPENDENCIES:
  - Endo (from `https://github.com/XTStudio/Endo-iOS.git`, commit `43850cb5961f6c547e868faae8afbfd9120e48bc`)
  - pop

SPEC REPOS:
  https://github.com/cocoapods/specs.git:
    - Aspects
    - pop

EXTERNAL SOURCES:
  Endo:
    :commit: 43850cb5961f6c547e868faae8afbfd9120e48bc
    :git: https://github.com/XTStudio/Endo-iOS.git

CHECKOUT OPTIONS:
  Endo:
    :commit: 43850cb5961f6c547e868faae8afbfd9120e48bc
    :git: https://github.com/XTStudio/Endo-iOS.git

SPEC CHECKSUMS:
  Aspects: 7595ba96a6727a58ebcbfc954497fc5d2fdde546
  Endo: ae9a61387e3c2690a0017501631293da43001dd4
  pop: 82ca6b068ce9278fd350fd9dd09482a0ce9492e6

PODFILE CHECKSUM: 2cce5f4ecfab5350e349cd77a6277f2e11106a5e

COCOAPODS: 1.5.3
