PODS:
  - Aspects (1.4.1)
  - Endo (0.0.1):
    - Aspects
  - pop (1.0.10)

DEPENDENCIES:
  - Endo (from `https://github.com/XTStudio/Endo-iOS.git`, commit `7e326d41d178042c6fb4bbd75aa80e4b6e1c3205`)
  - pop

SPEC REPOS:
  https://github.com/cocoapods/specs.git:
    - Aspects
    - pop

EXTERNAL SOURCES:
  Endo:
    :commit: 7e326d41d178042c6fb4bbd75aa80e4b6e1c3205
    :git: https://github.com/XTStudio/Endo-iOS.git

CHECKOUT OPTIONS:
  Endo:
    :commit: 7e326d41d178042c6fb4bbd75aa80e4b6e1c3205
    :git: https://github.com/XTStudio/Endo-iOS.git

SPEC CHECKSUMS:
  Aspects: 7595ba96a6727a58ebcbfc954497fc5d2fdde546
  Endo: ae9a61387e3c2690a0017501631293da43001dd4
  pop: 82ca6b068ce9278fd350fd9dd09482a0ce9492e6

PODFILE CHECKSUM: 1b16e89143b2d78bd991bcffc12c54a0ec9fcbb7

COCOAPODS: 1.5.3
