// !$*UTF8*$!
{
	archiveVersion = 1;
	classes = {
	};
	objectVersion = 50;
	objects = {

/* Begin PBXBuildFile section */
		901C4DF120D3CE1600A71C3D /* UIView+Kimi.m in Sources */ = {isa = PBXBuildFile; fileRef = 901C4DF020D3CE1600A71C3D /* UIView+Kimi.m */; };
		901C4DF420D8A4AE00A71C3D /* UIColor+Kimi.m in Sources */ = {isa = PBXBuildFile; fileRef = 901C4DF320D8A4AE00A71C3D /* UIColor+Kimi.m */; };
		901C4DF620D8A69C00A71C3D /* test.js in Resources */ = {isa = PBXBuildFile; fileRef = 901C4DF520D8A69C00A71C3D /* test.js */; };
		901C4DFA20D8BCC800A71C3D /* KIMIDispatchQueue.m in Sources */ = {isa = PBXBuildFile; fileRef = 901C4DF920D8BCC800A71C3D /* KIMIDispatchQueue.m */; };
		901C4DFD20D8E75D00A71C3D /* KIMIUIAnimator.m in Sources */ = {isa = PBXBuildFile; fileRef = 901C4DFC20D8E75D00A71C3D /* KIMIUIAnimator.m */; };
		9022D13F20D3C976002F016F /* AppDelegate.m in Sources */ = {isa = PBXBuildFile; fileRef = 9022D13E20D3C976002F016F /* AppDelegate.m */; };
		9022D14220D3C976002F016F /* ViewController.m in Sources */ = {isa = PBXBuildFile; fileRef = 9022D14120D3C976002F016F /* ViewController.m */; };
		9022D14520D3C976002F016F /* Main.storyboard in Resources */ = {isa = PBXBuildFile; fileRef = 9022D14320D3C976002F016F /* Main.storyboard */; };
		9022D14720D3C976002F016F /* Assets.xcassets in Resources */ = {isa = PBXBuildFile; fileRef = 9022D14620D3C976002F016F /* Assets.xcassets */; };
		9022D14A20D3C976002F016F /* LaunchScreen.storyboard in Resources */ = {isa = PBXBuildFile; fileRef = 9022D14820D3C976002F016F /* LaunchScreen.storyboard */; };
		9022D14D20D3C976002F016F /* main.m in Sources */ = {isa = PBXBuildFile; fileRef = 9022D14C20D3C976002F016F /* main.m */; };
		ADDA4F9418088A9E33890397 /* libPods-Kimi-iOS-SDK.a in Frameworks */ = {isa = PBXBuildFile; fileRef = 90E993CFC01A1A1B21E46B8B /* libPods-Kimi-iOS-SDK.a */; };
/* End PBXBuildFile section */

/* Begin PBXFileReference section */
		901C4DEF20D3CE1600A71C3D /* UIView+Kimi.h */ = {isa = PBXFileReference; lastKnownFileType = sourcecode.c.h; path = "UIView+Kimi.h"; sourceTree = "<group>"; };
		901C4DF020D3CE1600A71C3D /* UIView+Kimi.m */ = {isa = PBXFileReference; lastKnownFileType = sourcecode.c.objc; path = "UIView+Kimi.m"; sourceTree = "<group>"; };
		901C4DF220D8A4AE00A71C3D /* UIColor+Kimi.h */ = {isa = PBXFileReference; lastKnownFileType = sourcecode.c.h; path = "UIColor+Kimi.h"; sourceTree = "<group>"; };
		901C4DF320D8A4AE00A71C3D /* UIColor+Kimi.m */ = {isa = PBXFileReference; lastKnownFileType = sourcecode.c.objc; path = "UIColor+Kimi.m"; sourceTree = "<group>"; };
		901C4DF520D8A69C00A71C3D /* test.js */ = {isa = PBXFileReference; lastKnownFileType = sourcecode.javascript; path = test.js; sourceTree = "<group>"; };
		901C4DF820D8BCC800A71C3D /* KIMIDispatchQueue.h */ = {isa = PBXFileReference; lastKnownFileType = sourcecode.c.h; path = KIMIDispatchQueue.h; sourceTree = "<group>"; };
		901C4DF920D8BCC800A71C3D /* KIMIDispatchQueue.m */ = {isa = PBXFileReference; lastKnownFileType = sourcecode.c.objc; path = KIMIDispatchQueue.m; sourceTree = "<group>"; };
		901C4DFB20D8E75D00A71C3D /* KIMIUIAnimator.h */ = {isa = PBXFileReference; lastKnownFileType = sourcecode.c.h; path = KIMIUIAnimator.h; sourceTree = "<group>"; };
		901C4DFC20D8E75D00A71C3D /* KIMIUIAnimator.m */ = {isa = PBXFileReference; lastKnownFileType = sourcecode.c.objc; path = KIMIUIAnimator.m; sourceTree = "<group>"; };
		9022D13A20D3C976002F016F /* Kimi-iOS-SDK.app */ = {isa = PBXFileReference; explicitFileType = wrapper.application; includeInIndex = 0; path = "Kimi-iOS-SDK.app"; sourceTree = BUILT_PRODUCTS_DIR; };
		9022D13D20D3C976002F016F /* AppDelegate.h */ = {isa = PBXFileReference; lastKnownFileType = sourcecode.c.h; path = AppDelegate.h; sourceTree = "<group>"; };
		9022D13E20D3C976002F016F /* AppDelegate.m */ = {isa = PBXFileReference; lastKnownFileType = sourcecode.c.objc; path = AppDelegate.m; sourceTree = "<group>"; };
		9022D14020D3C976002F016F /* ViewController.h */ = {isa = PBXFileReference; lastKnownFileType = sourcecode.c.h; path = ViewController.h; sourceTree = "<group>"; };
		9022D14120D3C976002F016F /* ViewController.m */ = {isa = PBXFileReference; lastKnownFileType = sourcecode.c.objc; path = ViewController.m; sourceTree = "<group>"; };
		9022D14420D3C976002F016F /* Base */ = {isa = PBXFileReference; lastKnownFileType = file.storyboard; name = Base; path = Base.lproj/Main.storyboard; sourceTree = "<group>"; };
		9022D14620D3C976002F016F /* Assets.xcassets */ = {isa = PBXFileReference; lastKnownFileType = folder.assetcatalog; path = Assets.xcassets; sourceTree = "<group>"; };
		9022D14920D3C976002F016F /* Base */ = {isa = PBXFileReference; lastKnownFileType = file.storyboard; name = Base; path = Base.lproj/LaunchScreen.storyboard; sourceTree = "<group>"; };
		9022D14B20D3C976002F016F /* Info.plist */ = {isa = PBXFileReference; lastKnownFileType = text.plist.xml; path = Info.plist; sourceTree = "<group>"; };
		9022D14C20D3C976002F016F /* main.m */ = {isa = PBXFileReference; lastKnownFileType = sourcecode.c.objc; path = main.m; sourceTree = "<group>"; };
		90E993CFC01A1A1B21E46B8B /* libPods-Kimi-iOS-SDK.a */ = {isa = PBXFileReference; explicitFileType = archive.ar; includeInIndex = 0; path = "libPods-Kimi-iOS-SDK.a"; sourceTree = BUILT_PRODUCTS_DIR; };
		B78C791A06EF5BC4DCC1AC17 /* Pods-Kimi-iOS-SDK.release.xcconfig */ = {isa = PBXFileReference; includeInIndex = 1; lastKnownFileType = text.xcconfig; name = "Pods-Kimi-iOS-SDK.release.xcconfig"; path = "Pods/Target Support Files/Pods-Kimi-iOS-SDK/Pods-Kimi-iOS-SDK.release.xcconfig"; sourceTree = "<group>"; };
		DBBD3F36ABFC565ED8CF5D31 /* Pods-Kimi-iOS-SDK.debug.xcconfig */ = {isa = PBXFileReference; includeInIndex = 1; lastKnownFileType = text.xcconfig; name = "Pods-Kimi-iOS-SDK.debug.xcconfig"; path = "Pods/Target Support Files/Pods-Kimi-iOS-SDK/Pods-Kimi-iOS-SDK.debug.xcconfig"; sourceTree = "<group>"; };
/* End PBXFileReference section */

/* Begin PBXFrameworksBuildPhase section */
		9022D13720D3C976002F016F /* Frameworks */ = {
			isa = PBXFrameworksBuildPhase;
			buildActionMask = 2147483647;
			files = (
				ADDA4F9418088A9E33890397 /* libPods-Kimi-iOS-SDK.a in Frameworks */,
			);
			runOnlyForDeploymentPostprocessing = 0;
		};
/* End PBXFrameworksBuildPhase section */

/* Begin PBXGroup section */
		3360B36EDDE0C031825CD25B /* Frameworks */ = {
			isa = PBXGroup;
			children = (
				90E993CFC01A1A1B21E46B8B /* libPods-Kimi-iOS-SDK.a */,
			);
			name = Frameworks;
			sourceTree = "<group>";
		};
		901C4DED20D3CB6200A71C3D /* Source */ = {
			isa = PBXGroup;
			children = (
				901C4DF720D8BCA600A71C3D /* Foundation */,
				901C4DEE20D3CB6200A71C3D /* UIKit */,
			);
			path = Source;
			sourceTree = "<group>";
		};
		901C4DEE20D3CB6200A71C3D /* UIKit */ = {
			isa = PBXGroup;
			children = (
				901C4DEF20D3CE1600A71C3D /* UIView+Kimi.h */,
				901C4DF020D3CE1600A71C3D /* UIView+Kimi.m */,
				901C4DF220D8A4AE00A71C3D /* UIColor+Kimi.h */,
				901C4DF320D8A4AE00A71C3D /* UIColor+Kimi.m */,
				901C4DFB20D8E75D00A71C3D /* KIMIUIAnimator.h */,
				901C4DFC20D8E75D00A71C3D /* KIMIUIAnimator.m */,
			);
			path = UIKit;
			sourceTree = "<group>";
		};
		901C4DF720D8BCA600A71C3D /* Foundation */ = {
			isa = PBXGroup;
			children = (
				901C4DF820D8BCC800A71C3D /* KIMIDispatchQueue.h */,
				901C4DF920D8BCC800A71C3D /* KIMIDispatchQueue.m */,
			);
			path = Foundation;
			sourceTree = "<group>";
		};
		9022D13120D3C975002F016F = {
			isa = PBXGroup;
			children = (
				901C4DED20D3CB6200A71C3D /* Source */,
				9022D13C20D3C976002F016F /* Kimi-iOS-SDK */,
				9022D13B20D3C976002F016F /* Products */,
				961CCC4BDAFFD64368A856C5 /* Pods */,
				3360B36EDDE0C031825CD25B /* Frameworks */,
			);
			sourceTree = "<group>";
		};
		9022D13B20D3C976002F016F /* Products */ = {
			isa = PBXGroup;
			children = (
				9022D13A20D3C976002F016F /* Kimi-iOS-SDK.app */,
			);
			name = Products;
			sourceTree = "<group>";
		};
		9022D13C20D3C976002F016F /* Kimi-iOS-SDK */ = {
			isa = PBXGroup;
			children = (
				9022D13D20D3C976002F016F /* AppDelegate.h */,
				9022D13E20D3C976002F016F /* AppDelegate.m */,
				9022D14020D3C976002F016F /* ViewController.h */,
				9022D14120D3C976002F016F /* ViewController.m */,
				901C4DF520D8A69C00A71C3D /* test.js */,
				9022D14320D3C976002F016F /* Main.storyboard */,
				9022D14620D3C976002F016F /* Assets.xcassets */,
				9022D14820D3C976002F016F /* LaunchScreen.storyboard */,
				9022D14B20D3C976002F016F /* Info.plist */,
				9022D14C20D3C976002F016F /* main.m */,
			);
			path = "Kimi-iOS-SDK";
			sourceTree = "<group>";
		};
		961CCC4BDAFFD64368A856C5 /* Pods */ = {
			isa = PBXGroup;
			children = (
				DBBD3F36ABFC565ED8CF5D31 /* Pods-Kimi-iOS-SDK.debug.xcconfig */,
				B78C791A06EF5BC4DCC1AC17 /* Pods-Kimi-iOS-SDK.release.xcconfig */,
			);
			name = Pods;
			sourceTree = "<group>";
		};
/* End PBXGroup section */

/* Begin PBXNativeTarget section */
		9022D13920D3C976002F016F /* Kimi-iOS-SDK */ = {
			isa = PBXNativeTarget;
			buildConfigurationList = 9022D15020D3C976002F016F /* Build configuration list for PBXNativeTarget "Kimi-iOS-SDK" */;
			buildPhases = (
				4B2C2F7DBC9AC2BFC9D76C56 /* [CP] Check Pods Manifest.lock */,
				9022D13620D3C976002F016F /* Sources */,
				9022D13720D3C976002F016F /* Frameworks */,
				9022D13820D3C976002F016F /* Resources */,
			);
			buildRules = (
			);
			dependencies = (
			);
			name = "Kimi-iOS-SDK";
			productName = "Kimi-iOS-SDK";
			productReference = 9022D13A20D3C976002F016F /* Kimi-iOS-SDK.app */;
			productType = "com.apple.product-type.application";
		};
/* End PBXNativeTarget section */

/* Begin PBXProject section */
		9022D13220D3C975002F016F /* Project object */ = {
			isa = PBXProject;
			attributes = {
				LastUpgradeCheck = 0930;
				ORGANIZATIONNAME = "XT Studio";
				TargetAttributes = {
					9022D13920D3C976002F016F = {
						CreatedOnToolsVersion = 9.3;
					};
				};
			};
			buildConfigurationList = 9022D13520D3C975002F016F /* Build configuration list for PBXProject "Kimi-iOS-SDK" */;
			compatibilityVersion = "Xcode 9.3";
			developmentRegion = en;
			hasScannedForEncodings = 0;
			knownRegions = (
				en,
				Base,
			);
			mainGroup = 9022D13120D3C975002F016F;
			productRefGroup = 9022D13B20D3C976002F016F /* Products */;
			projectDirPath = "";
			projectRoot = "";
			targets = (
				9022D13920D3C976002F016F /* Kimi-iOS-SDK */,
			);
		};
/* End PBXProject section */

/* Begin PBXResourcesBuildPhase section */
		9022D13820D3C976002F016F /* Resources */ = {
			isa = PBXResourcesBuildPhase;
			buildActionMask = 2147483647;
			files = (
				9022D14A20D3C976002F016F /* LaunchScreen.storyboard in Resources */,
				9022D14720D3C976002F016F /* Assets.xcassets in Resources */,
				901C4DF620D8A69C00A71C3D /* test.js in Resources */,
				9022D14520D3C976002F016F /* Main.storyboard in Resources */,
			);
			runOnlyForDeploymentPostprocessing = 0;
		};
/* End PBXResourcesBuildPhase section */

/* Begin PBXShellScriptBuildPhase section */
		4B2C2F7DBC9AC2BFC9D76C56 /* [CP] Check Pods Manifest.lock */ = {
			isa = PBXShellScriptBuildPhase;
			buildActionMask = 2147483647;
			files = (
			);
			inputPaths = (
				"${PODS_PODFILE_DIR_PATH}/Podfile.lock",
				"${PODS_ROOT}/Manifest.lock",
			);
			name = "[CP] Check Pods Manifest.lock";
			outputPaths = (
				"$(DERIVED_FILE_DIR)/Pods-Kimi-iOS-SDK-checkManifestLockResult.txt",
			);
			runOnlyForDeploymentPostprocessing = 0;
			shellPath = /bin/sh;
			shellScript = "diff \"${PODS_PODFILE_DIR_PATH}/Podfile.lock\" \"${PODS_ROOT}/Manifest.lock\" > /dev/null\nif [ $? != 0 ] ; then\n    # print error to STDERR\n    echo \"error: The sandbox is not in sync with the Podfile.lock. Run 'pod install' or update your CocoaPods installation.\" >&2\n    exit 1\nfi\n# This output is used by Xcode 'outputs' to avoid re-running this script phase.\necho \"SUCCESS\" > \"${SCRIPT_OUTPUT_FILE_0}\"\n";
			showEnvVarsInLog = 0;
		};
/* End PBXShellScriptBuildPhase section */

/* Begin PBXSourcesBuildPhase section */
		9022D13620D3C976002F016F /* Sources */ = {
			isa = PBXSourcesBuildPhase;
			buildActionMask = 2147483647;
			files = (
				9022D14220D3C976002F016F /* ViewController.m in Sources */,
				901C4DFA20D8BCC800A71C3D /* KIMIDispatchQueue.m in Sources */,
				901C4DFD20D8E75D00A71C3D /* KIMIUIAnimator.m in Sources */,
				9022D14D20D3C976002F016F /* main.m in Sources */,
				901C4DF120D3CE1600A71C3D /* UIView+Kimi.m in Sources */,
				9022D13F20D3C976002F016F /* AppDelegate.m in Sources */,
				901C4DF420D8A4AE00A71C3D /* UIColor+Kimi.m in Sources */,
			);
			runOnlyForDeploymentPostprocessing = 0;
		};
/* End PBXSourcesBuildPhase section */

/* Begin PBXVariantGroup section */
		9022D14320D3C976002F016F /* Main.storyboard */ = {
			isa = PBXVariantGroup;
			children = (
				9022D14420D3C976002F016F /* Base */,
			);
			name = Main.storyboard;
			sourceTree = "<group>";
		};
		9022D14820D3C976002F016F /* LaunchScreen.storyboard */ = {
			isa = PBXVariantGroup;
			children = (
				9022D14920D3C976002F016F /* Base */,
			);
			name = LaunchScreen.storyboard;
			sourceTree = "<group>";
		};
/* End PBXVariantGroup section */

/* Begin XCBuildConfiguration section */
		9022D14E20D3C976002F016F /* Debug */ = {
			isa = XCBuildConfiguration;
			buildSettings = {
				ALWAYS_SEARCH_USER_PATHS = NO;
				CLANG_ANALYZER_NONNULL = YES;
				CLANG_ANALYZER_NUMBER_OBJECT_CONVERSION = YES_AGGRESSIVE;
				CLANG_CXX_LANGUAGE_STANDARD = "gnu++14";
				CLANG_CXX_LIBRARY = "libc++";
				CLANG_ENABLE_MODULES = YES;
				CLANG_ENABLE_OBJC_ARC = YES;
				CLANG_ENABLE_OBJC_WEAK = YES;
				CLANG_WARN_BLOCK_CAPTURE_AUTORELEASING = YES;
				CLANG_WARN_BOOL_CONVERSION = YES;
				CLANG_WARN_COMMA = YES;
				CLANG_WARN_CONSTANT_CONVERSION = YES;
				CLANG_WARN_DEPRECATED_OBJC_IMPLEMENTATIONS = YES;
				CLANG_WARN_DIRECT_OBJC_ISA_USAGE = YES_ERROR;
				CLANG_WARN_DOCUMENTATION_COMMENTS = YES;
				CLANG_WARN_EMPTY_BODY = YES;
				CLANG_WARN_ENUM_CONVERSION = YES;
				CLANG_WARN_INFINITE_RECURSION = YES;
				CLANG_WARN_INT_CONVERSION = YES;
				CLANG_WARN_NON_LITERAL_NULL_CONVERSION = YES;
				CLANG_WARN_OBJC_IMPLICIT_RETAIN_SELF = YES;
				CLANG_WARN_OBJC_LITERAL_CONVERSION = YES;
				CLANG_WARN_OBJC_ROOT_CLASS = YES_ERROR;
				CLANG_WARN_RANGE_LOOP_ANALYSIS = YES;
				CLANG_WARN_STRICT_PROTOTYPES = YES;
				CLANG_WARN_SUSPICIOUS_MOVE = YES;
				CLANG_WARN_UNGUARDED_AVAILABILITY = YES_AGGRESSIVE;
				CLANG_WARN_UNREACHABLE_CODE = YES;
				CLANG_WARN__DUPLICATE_METHOD_MATCH = YES;
				CODE_SIGN_IDENTITY = "iPhone Developer";
				COPY_PHASE_STRIP = NO;
				DEBUG_INFORMATION_FORMAT = dwarf;
				ENABLE_STRICT_OBJC_MSGSEND = YES;
				ENABLE_TESTABILITY = YES;
				GCC_C_LANGUAGE_STANDARD = gnu11;
				GCC_DYNAMIC_NO_PIC = NO;
				GCC_NO_COMMON_BLOCKS = YES;
				GCC_OPTIMIZATION_LEVEL = 0;
				GCC_PREPROCESSOR_DEFINITIONS = (
					"DEBUG=1",
					"$(inherited)",
				);
				GCC_WARN_64_TO_32_BIT_CONVERSION = YES;
				GCC_WARN_ABOUT_RETURN_TYPE = YES_ERROR;
				GCC_WARN_UNDECLARED_SELECTOR = YES;
				GCC_WARN_UNINITIALIZED_AUTOS = YES_AGGRESSIVE;
				GCC_WARN_UNUSED_FUNCTION = YES;
				GCC_WARN_UNUSED_VARIABLE = YES;
				IPHONEOS_DEPLOYMENT_TARGET = 11.3;
				MTL_ENABLE_DEBUG_INFO = YES;
				ONLY_ACTIVE_ARCH = YES;
				SDKROOT = iphoneos;
			};
			name = Debug;
		};
		9022D14F20D3C976002F016F /* Release */ = {
			isa = XCBuildConfiguration;
			buildSettings = {
				ALWAYS_SEARCH_USER_PATHS = NO;
				CLANG_ANALYZER_NONNULL = YES;
				CLANG_ANALYZER_NUMBER_OBJECT_CONVERSION = YES_AGGRESSIVE;
				CLANG_CXX_LANGUAGE_STANDARD = "gnu++14";
				CLANG_CXX_LIBRARY = "libc++";
				CLANG_ENABLE_MODULES = YES;
				CLANG_ENABLE_OBJC_ARC = YES;
				CLANG_ENABLE_OBJC_WEAK = YES;
				CLANG_WARN_BLOCK_CAPTURE_AUTORELEASING = YES;
				CLANG_WARN_BOOL_CONVERSION = YES;
				CLANG_WARN_COMMA = YES;
				CLANG_WARN_CONSTANT_CONVERSION = YES;
				CLANG_WARN_DEPRECATED_OBJC_IMPLEMENTATIONS = YES;
				CLANG_WARN_DIRECT_OBJC_ISA_USAGE = YES_ERROR;
				CLANG_WARN_DOCUMENTATION_COMMENTS = YES;
				CLANG_WARN_EMPTY_BODY = YES;
				CLANG_WARN_ENUM_CONVERSION = YES;
				CLANG_WARN_INFINITE_RECURSION = YES;
				CLANG_WARN_INT_CONVERSION = YES;
				CLANG_WARN_NON_LITERAL_NULL_CONVERSION = YES;
				CLANG_WARN_OBJC_IMPLICIT_RETAIN_SELF = YES;
				CLANG_WARN_OBJC_LITERAL_CONVERSION = YES;
				CLANG_WARN_OBJC_ROOT_CLASS = YES_ERROR;
				CLANG_WARN_RANGE_LOOP_ANALYSIS = YES;
				CLANG_WARN_STRICT_PROTOTYPES = YES;
				CLANG_WARN_SUSPICIOUS_MOVE = YES;
				CLANG_WARN_UNGUARDED_AVAILABILITY = YES_AGGRESSIVE;
				CLANG_WARN_UNREACHABLE_CODE = YES;
				CLANG_WARN__DUPLICATE_METHOD_MATCH = YES;
				CODE_SIGN_IDENTITY = "iPhone Developer";
				COPY_PHASE_STRIP = NO;
				DEBUG_INFORMATION_FORMAT = "dwarf-with-dsym";
				ENABLE_NS_ASSERTIONS = NO;
				ENABLE_STRICT_OBJC_MSGSEND = YES;
				GCC_C_LANGUAGE_STANDARD = gnu11;
				GCC_NO_COMMON_BLOCKS = YES;
				GCC_WARN_64_TO_32_BIT_CONVERSION = YES;
				GCC_WARN_ABOUT_RETURN_TYPE = YES_ERROR;
				GCC_WARN_UNDECLARED_SELECTOR = YES;
				GCC_WARN_UNINITIALIZED_AUTOS = YES_AGGRESSIVE;
				GCC_WARN_UNUSED_FUNCTION = YES;
				GCC_WARN_UNUSED_VARIABLE = YES;
				IPHONEOS_DEPLOYMENT_TARGET = 11.3;
				MTL_ENABLE_DEBUG_INFO = NO;
				SDKROOT = iphoneos;
				VALIDATE_PRODUCT = YES;
			};
			name = Release;
		};
		9022D15120D3C976002F016F /* Debug */ = {
			isa = XCBuildConfiguration;
			baseConfigurationReference = DBBD3F36ABFC565ED8CF5D31 /* Pods-Kimi-iOS-SDK.debug.xcconfig */;
			buildSettings = {
				ASSETCATALOG_COMPILER_APPICON_NAME = AppIcon;
				CODE_SIGN_STYLE = Automatic;
				INFOPLIST_FILE = "Kimi-iOS-SDK/Info.plist";
				IPHONEOS_DEPLOYMENT_TARGET = 9.0;
				LD_RUNPATH_SEARCH_PATHS = (
					"$(inherited)",
					"@executable_path/Frameworks",
				);
				PRODUCT_BUNDLE_IDENTIFIER = "com.xt.Kimi-iOS-SDK";
				PRODUCT_NAME = "$(TARGET_NAME)";
				TARGETED_DEVICE_FAMILY = "1,2";
			};
			name = Debug;
		};
		9022D15220D3C976002F016F /* Release */ = {
			isa = XCBuildConfiguration;
			baseConfigurationReference = B78C791A06EF5BC4DCC1AC17 /* Pods-Kimi-iOS-SDK.release.xcconfig */;
			buildSettings = {
				ASSETCATALOG_COMPILER_APPICON_NAME = AppIcon;
				CODE_SIGN_STYLE = Automatic;
				INFOPLIST_FILE = "Kimi-iOS-SDK/Info.plist";
				IPHONEOS_DEPLOYMENT_TARGET = 9.0;
				LD_RUNPATH_SEARCH_PATHS = (
					"$(inherited)",
					"@executable_path/Frameworks",
				);
				PRODUCT_BUNDLE_IDENTIFIER = "com.xt.Kimi-iOS-SDK";
				PRODUCT_NAME = "$(TARGET_NAME)";
				TARGETED_DEVICE_FAMILY = "1,2";
			};
			name = Release;
		};
/* End XCBuildConfiguration section */

/* Begin XCConfigurationList section */
		9022D13520D3C975002F016F /* Build configuration list for PBXProject "Kimi-iOS-SDK" */ = {
			isa = XCConfigurationList;
			buildConfigurations = (
				9022D14E20D3C976002F016F /* Debug */,
				9022D14F20D3C976002F016F /* Release */,
			);
			defaultConfigurationIsVisible = 0;
			defaultConfigurationName = Release;
		};
		9022D15020D3C976002F016F /* Build configuration list for PBXNativeTarget "Kimi-iOS-SDK" */ = {
			isa = XCConfigurationList;
			buildConfigurations = (
				9022D15120D3C976002F016F /* Debug */,
				9022D15220D3C976002F016F /* Release */,
			);
			defaultConfigurationIsVisible = 0;
			defaultConfigurationName = Release;
		};
/* End XCConfigurationList section */
	};
	rootObject = 9022D13220D3C975002F016F /* Project object */;
}
