// !$*UTF8*$!
{
	archiveVersion = 1;
	classes = {
	};
	objectVersion = 50;
	objects = {

/* Begin PBXBuildFile section */
		901C4DF120D3CE1600A71C3D /* UIView+Kimi.m in Sources */ = {isa = PBXBuildFile; fileRef = 901C4DF020D3CE1600A71C3D /* UIView+Kimi.m */; };
		901C4DF420D8A4AE00A71C3D /* UIColor+Kimi.m in Sources */ = {isa = PBXBuildFile; fileRef = 901C4DF320D8A4AE00A71C3D /* UIColor+Kimi.m */; };
		901C4DF620D8A69C00A71C3D /* test.js in Resources */ = {isa = PBXBuildFile; fileRef = 901C4DF520D8A69C00A71C3D /* test.js */; };
		901C4DFA20D8BCC800A71C3D /* KIMIDispatchQueue.m in Sources */ = {isa = PBXBuildFile; fileRef = 901C4DF920D8BCC800A71C3D /* KIMIDispatchQueue.m */; };
		901C4DFD20D8E75D00A71C3D /* KIMIUIAnimator.m in Sources */ = {isa = PBXBuildFile; fileRef = 901C4DFC20D8E75D00A71C3D /* KIMIUIAnimator.m */; };
		901C4E0020DA093000A71C3D /* UIGestureRecognizer+Kimi.m in Sources */ = {isa = PBXBuildFile; fileRef = 901C4DFF20DA093000A71C3D /* UIGestureRecognizer+Kimi.m */; };
		901C4E0320DA0BCE00A71C3D /* UITapGestureRecognizer+Kimi.m in Sources */ = {isa = PBXBuildFile; fileRef = 901C4E0220DA0BCE00A71C3D /* UITapGestureRecognizer+Kimi.m */; };
		901C4E0620DA64AA00A71C3D /* UILongPressGestureRecognizer+Kimi.m in Sources */ = {isa = PBXBuildFile; fileRef = 901C4E0520DA64AA00A71C3D /* UILongPressGestureRecognizer+Kimi.m */; };
		901C4E0920DA65FD00A71C3D /* UIPanGestureRecognizer+Kimi.m in Sources */ = {isa = PBXBuildFile; fileRef = 901C4E0820DA65FD00A71C3D /* UIPanGestureRecognizer+Kimi.m */; };
		901C4E0C20DA66C800A71C3D /* UIPinchGestureRecognizer+Kimi.m in Sources */ = {isa = PBXBuildFile; fileRef = 901C4E0B20DA66C800A71C3D /* UIPinchGestureRecognizer+Kimi.m */; };
		901C4E0F20DA675B00A71C3D /* UIRotationGestureRecognizer+Kimi.m in Sources */ = {isa = PBXBuildFile; fileRef = 901C4E0E20DA675B00A71C3D /* UIRotationGestureRecognizer+Kimi.m */; };
		901C4E1920DB70F200A71C3D /* CALayer+Kimi.m in Sources */ = {isa = PBXBuildFile; fileRef = 901C4E1820DB70F200A71C3D /* CALayer+Kimi.m */; };
		901C4E1C20DB958800A71C3D /* UIButton+Kimi.m in Sources */ = {isa = PBXBuildFile; fileRef = 901C4E1B20DB958800A71C3D /* UIButton+Kimi.m */; };
		901C4E1F20DBA0CB00A71C3D /* UIFont+Kimi.m in Sources */ = {isa = PBXBuildFile; fileRef = 901C4E1E20DBA0CB00A71C3D /* UIFont+Kimi.m */; };
		901C4E2220DBB17900A71C3D /* UIImageView+Kimi.m in Sources */ = {isa = PBXBuildFile; fileRef = 901C4E2120DBB17900A71C3D /* UIImageView+Kimi.m */; };
		901C4E2520DBB47200A71C3D /* UIImage+Kimi.m in Sources */ = {isa = PBXBuildFile; fileRef = 901C4E2420DBB47200A71C3D /* UIImage+Kimi.m */; };
		901C4E2820DBC92900A71C3D /* UILabel+Kimi.m in Sources */ = {isa = PBXBuildFile; fileRef = 901C4E2720DBC92900A71C3D /* UILabel+Kimi.m */; };
		901C4E2B20DBCDCA00A71C3D /* UITextField+Kimi.m in Sources */ = {isa = PBXBuildFile; fileRef = 901C4E2A20DBCDCA00A71C3D /* UITextField+Kimi.m */; };
		9022D13F20D3C976002F016F /* AppDelegate.m in Sources */ = {isa = PBXBuildFile; fileRef = 9022D13E20D3C976002F016F /* AppDelegate.m */; };
		9022D14220D3C976002F016F /* ViewController.m in Sources */ = {isa = PBXBuildFile; fileRef = 9022D14120D3C976002F016F /* ViewController.m */; };
		9022D14520D3C976002F016F /* Main.storyboard in Resources */ = {isa = PBXBuildFile; fileRef = 9022D14320D3C976002F016F /* Main.storyboard */; };
		9022D14720D3C976002F016F /* Assets.xcassets in Resources */ = {isa = PBXBuildFile; fileRef = 9022D14620D3C976002F016F /* Assets.xcassets */; };
		9022D14A20D3C976002F016F /* LaunchScreen.storyboard in Resources */ = {isa = PBXBuildFile; fileRef = 9022D14820D3C976002F016F /* LaunchScreen.storyboard */; };
		9022D14D20D3C976002F016F /* main.m in Sources */ = {isa = PBXBuildFile; fileRef = 9022D14C20D3C976002F016F /* main.m */; };
		902D65DE20E2163B00A32EB8 /* UITextView+Kimi.m in Sources */ = {isa = PBXBuildFile; fileRef = 902D65DD20E2163B00A32EB8 /* UITextView+Kimi.m */; };
		902D65E120E21C9F00A32EB8 /* UIScrollView+Kimi.m in Sources */ = {isa = PBXBuildFile; fileRef = 902D65E020E21C9F00A32EB8 /* UIScrollView+Kimi.m */; };
		902D65E420E222BF00A32EB8 /* UITableView+Kimi.m in Sources */ = {isa = PBXBuildFile; fileRef = 902D65E320E222BF00A32EB8 /* UITableView+Kimi.m */; };
		902D65E720E22BB000A32EB8 /* UITableViewCell+Kimi.m in Sources */ = {isa = PBXBuildFile; fileRef = 902D65E620E22BB000A32EB8 /* UITableViewCell+Kimi.m */; };
		907D740620F613F900C1D7D7 /* CADisplayLink+Kimi.m in Sources */ = {isa = PBXBuildFile; fileRef = 90F4B81820F60B8700E13294 /* CADisplayLink+Kimi.m */; };
		907D740720F6141600C1D7D7 /* CAGradientLayer+Kimi.m in Sources */ = {isa = PBXBuildFile; fileRef = 90F4B81520F6084F00E13294 /* CAGradientLayer+Kimi.m */; };
		907D740A20F618AF00C1D7D7 /* CAShapeLayer+Kimi.m in Sources */ = {isa = PBXBuildFile; fileRef = 907D740920F618AF00C1D7D7 /* CAShapeLayer+Kimi.m */; };
		907D740D20F61A8100C1D7D7 /* UIBezierPath+Kimi.m in Sources */ = {isa = PBXBuildFile; fileRef = 907D740C20F61A8100C1D7D7 /* UIBezierPath+Kimi.m */; };
		907D741520F7027500C1D7D7 /* NSMutableParagraphStyle+Kimi.m in Sources */ = {isa = PBXBuildFile; fileRef = 907D741420F7027500C1D7D7 /* NSMutableParagraphStyle+Kimi.m */; };
		907D741E20F7063200C1D7D7 /* NSObject+KimiTestExpectation.m in Sources */ = {isa = PBXBuildFile; fileRef = 907D741A20F7063200C1D7D7 /* NSObject+KimiTestExpectation.m */; };
		907D741F20F7063200C1D7D7 /* test.txt in Resources */ = {isa = PBXBuildFile; fileRef = 907D741B20F7063200C1D7D7 /* test.txt */; };
		907D742120F7067B00C1D7D7 /* KimiUITest.storyboard in Resources */ = {isa = PBXBuildFile; fileRef = 907D742020F7067B00C1D7D7 /* KimiUITest.storyboard */; };
		907D742220F706C900C1D7D7 /* KimiTestExpectation.m in Sources */ = {isa = PBXBuildFile; fileRef = 907D741820F7063200C1D7D7 /* KimiTestExpectation.m */; };
		907D742520F7081D00C1D7D7 /* KimiUITestViewsViewController.m in Sources */ = {isa = PBXBuildFile; fileRef = 907D742420F7081D00C1D7D7 /* KimiUITestViewsViewController.m */; };
		907D742820F7085400C1D7D7 /* KimiUITestMainTableViewController.m in Sources */ = {isa = PBXBuildFile; fileRef = 907D742720F7085400C1D7D7 /* KimiUITestMainTableViewController.m */; };
		907D742B20F7089400C1D7D7 /* UIViewTests.js in Resources */ = {isa = PBXBuildFile; fileRef = 907D742A20F7089400C1D7D7 /* UIViewTests.js */; };
		907D743520F7449900C1D7D7 /* Kimi_iOS_SDKUITests.m in Sources */ = {isa = PBXBuildFile; fileRef = 907D743420F7449900C1D7D7 /* Kimi_iOS_SDKUITests.m */; };
		907D743E20F74CDB00C1D7D7 /* UIViewAsserts.m in Sources */ = {isa = PBXBuildFile; fileRef = 907D743D20F74CDB00C1D7D7 /* UIViewAsserts.m */; };
		907D744120F74D4500C1D7D7 /* KIMIUITestAsserts.m in Sources */ = {isa = PBXBuildFile; fileRef = 907D744020F74D4500C1D7D7 /* KIMIUITestAsserts.m */; };
		907D744520F84C6900C1D7D7 /* UIButtonTests.js in Resources */ = {isa = PBXBuildFile; fileRef = 907D744420F84C6900C1D7D7 /* UIButtonTests.js */; };
		907D744820F84C7A00C1D7D7 /* UIButtonAsserts.m in Sources */ = {isa = PBXBuildFile; fileRef = 907D744720F84C7A00C1D7D7 /* UIButtonAsserts.m */; };
		907D744A20F8583500C1D7D7 /* UIImageViewTests.js in Resources */ = {isa = PBXBuildFile; fileRef = 907D744920F8583500C1D7D7 /* UIImageViewTests.js */; };
		907D744D20F8583F00C1D7D7 /* UIImageViewAsserts.m in Sources */ = {isa = PBXBuildFile; fileRef = 907D744C20F8583F00C1D7D7 /* UIImageViewAsserts.m */; };
		907D744F20F879F300C1D7D7 /* UILabelTests.js in Resources */ = {isa = PBXBuildFile; fileRef = 907D744E20F879F300C1D7D7 /* UILabelTests.js */; };
		907D745220F879FD00C1D7D7 /* UILabelAsserts.m in Sources */ = {isa = PBXBuildFile; fileRef = 907D745120F879FD00C1D7D7 /* UILabelAsserts.m */; };
		907D745420F87EE100C1D7D7 /* UITextFieldTests.js in Resources */ = {isa = PBXBuildFile; fileRef = 907D745320F87EE100C1D7D7 /* UITextFieldTests.js */; };
		907D745720F87EEA00C1D7D7 /* UITextFieldAsserts.m in Sources */ = {isa = PBXBuildFile; fileRef = 907D745620F87EEA00C1D7D7 /* UITextFieldAsserts.m */; };
		907D745920F88CA100C1D7D7 /* UITextViewTests.js in Resources */ = {isa = PBXBuildFile; fileRef = 907D745820F88CA000C1D7D7 /* UITextViewTests.js */; };
		907D745C20F88CB400C1D7D7 /* UITextViewAsserts.m in Sources */ = {isa = PBXBuildFile; fileRef = 907D745B20F88CB400C1D7D7 /* UITextViewAsserts.m */; };
		909365FE20E39F60008E4BCA /* NSIndexPath+Kimi.m in Sources */ = {isa = PBXBuildFile; fileRef = 909365FD20E39F60008E4BCA /* NSIndexPath+Kimi.m */; };
		90AAD8F220E4EA8C00D82173 /* UICollectionView+Kimi.m in Sources */ = {isa = PBXBuildFile; fileRef = 90AAD8F120E4EA8C00D82173 /* UICollectionView+Kimi.m */; };
		90AAD8F520E4EB5600D82173 /* UICollectionViewLayout+Kimi.m in Sources */ = {isa = PBXBuildFile; fileRef = 90AAD8F420E4EB5600D82173 /* UICollectionViewLayout+Kimi.m */; };
		90AAD8F820E4ECC300D82173 /* UICollectionViewFlowLayout+Kimi.m in Sources */ = {isa = PBXBuildFile; fileRef = 90AAD8F720E4ECC300D82173 /* UICollectionViewFlowLayout+Kimi.m */; };
		90AAD8FB20E4EFE300D82173 /* UICollectionViewCell+Kimi.m in Sources */ = {isa = PBXBuildFile; fileRef = 90AAD8FA20E4EFE300D82173 /* UICollectionViewCell+Kimi.m */; };
		90AAD8FE20E600A700D82173 /* KIMIAlert.m in Sources */ = {isa = PBXBuildFile; fileRef = 90AAD8FD20E600A700D82173 /* KIMIAlert.m */; };
		90AAD90120E603D900D82173 /* KIMIPrompt.m in Sources */ = {isa = PBXBuildFile; fileRef = 90AAD90020E603D900D82173 /* KIMIPrompt.m */; };
		90AAD90420E6060100D82173 /* KIMIConfirm.m in Sources */ = {isa = PBXBuildFile; fileRef = 90AAD90320E6060100D82173 /* KIMIConfirm.m */; };
		90AAD90720E6265B00D82173 /* UIActivityIndicatorView+Kimi.m in Sources */ = {isa = PBXBuildFile; fileRef = 90AAD90620E6265B00D82173 /* UIActivityIndicatorView+Kimi.m */; };
		90AAD90A20E62BE400D82173 /* UISwitch+Kimi.m in Sources */ = {isa = PBXBuildFile; fileRef = 90AAD90920E62BE400D82173 /* UISwitch+Kimi.m */; };
		90AAD90D20E62E8600D82173 /* UISlider+Kimi.m in Sources */ = {isa = PBXBuildFile; fileRef = 90AAD90C20E62E8600D82173 /* UISlider+Kimi.m */; };
		90AAD91020E6420800D82173 /* WKWebView+Kimi.m in Sources */ = {isa = PBXBuildFile; fileRef = 90AAD90F20E6420800D82173 /* WKWebView+Kimi.m */; };
		90AAD91320E645F400D82173 /* NSAttributedString+Kimi.m in Sources */ = {isa = PBXBuildFile; fileRef = 90AAD91220E645F400D82173 /* NSAttributedString+Kimi.m */; };
		90AAD94E20EA06B500D82173 /* NSMutableAttributedString+Kimi.m in Sources */ = {isa = PBXBuildFile; fileRef = 90AAD94D20EA06B500D82173 /* NSMutableAttributedString+Kimi.m */; };
		90AAD95B20EB700E00D82173 /* UIScreen+Kimi.m in Sources */ = {isa = PBXBuildFile; fileRef = 90AAD95A20EB700E00D82173 /* UIScreen+Kimi.m */; };
		90AAD95E20EB71CF00D82173 /* UIDevice+Kimi.m in Sources */ = {isa = PBXBuildFile; fileRef = 90AAD95D20EB71CF00D82173 /* UIDevice+Kimi.m */; };
		90AAD99E20EC9C7100D82173 /* UIViewController+Kimi.m in Sources */ = {isa = PBXBuildFile; fileRef = 90AAD99D20EC9C7100D82173 /* UIViewController+Kimi.m */; };
		90AAD9A120ECA5B700D82173 /* UINavigationController+Kimi.m in Sources */ = {isa = PBXBuildFile; fileRef = 90AAD9A020ECA5B700D82173 /* UINavigationController+Kimi.m */; };
		90AAD9A420ECB24400D82173 /* UINavigationBar+Kimi.m in Sources */ = {isa = PBXBuildFile; fileRef = 90AAD9A320ECB24400D82173 /* UINavigationBar+Kimi.m */; };
		90AAD9A720ECB93A00D82173 /* UINavigationItem+Kimi.m in Sources */ = {isa = PBXBuildFile; fileRef = 90AAD9A620ECB93A00D82173 /* UINavigationItem+Kimi.m */; };
		90AAD9AA20ECBD6000D82173 /* UIBarButtonItem+Kimi.m in Sources */ = {isa = PBXBuildFile; fileRef = 90AAD9A920ECBD6000D82173 /* UIBarButtonItem+Kimi.m */; };
		90AAD9AD20ECC17900D82173 /* UITabBarController+Kimi.m in Sources */ = {isa = PBXBuildFile; fileRef = 90AAD9AC20ECC17900D82173 /* UITabBarController+Kimi.m */; };
		90AAD9B020ECC41F00D82173 /* UITabBar+Kimi.m in Sources */ = {isa = PBXBuildFile; fileRef = 90AAD9AF20ECC41F00D82173 /* UITabBar+Kimi.m */; };
		90AAD9B320ECC5E100D82173 /* UITabBarItem+Kimi.m in Sources */ = {isa = PBXBuildFile; fileRef = 90AAD9B220ECC5E100D82173 /* UITabBarItem+Kimi.m */; };
		90AAD9B620ECE14300D82173 /* UIPageViewController+Kimi.m in Sources */ = {isa = PBXBuildFile; fileRef = 90AAD9B520ECE14300D82173 /* UIPageViewController+Kimi.m */; };
		90AAD9B920EDCF0E00D82173 /* UIStackView+Kimi.m in Sources */ = {isa = PBXBuildFile; fileRef = 90AAD9B820EDCF0E00D82173 /* UIStackView+Kimi.m */; };
		90AAD9BC20EE0C1400D82173 /* UIProgressView+Kimi.m in Sources */ = {isa = PBXBuildFile; fileRef = 90AAD9BB20EE0C1400D82173 /* UIProgressView+Kimi.m */; };
		90F4B7A820F33E9900E13294 /* DispatchQueueTests.m in Sources */ = {isa = PBXBuildFile; fileRef = 90F4B7A720F33E9900E13294 /* DispatchQueueTests.m */; };
		90F4B7AC20F340CF00E13294 /* NSUUID+Kimi.m in Sources */ = {isa = PBXBuildFile; fileRef = 90F4B7AA20F340AC00E13294 /* NSUUID+Kimi.m */; };
		90F4B7AE20F3413600E13294 /* UUIDTests.m in Sources */ = {isa = PBXBuildFile; fileRef = 90F4B7AD20F3413600E13294 /* UUIDTests.m */; };
		90F4B7B220F3425C00E13294 /* NSData+Kimi.m in Sources */ = {isa = PBXBuildFile; fileRef = 90F4B7B020F3424900E13294 /* NSData+Kimi.m */; };
		90F4B7B420F344E300E13294 /* DataTests.m in Sources */ = {isa = PBXBuildFile; fileRef = 90F4B7B320F344E300E13294 /* DataTests.m */; };
		90F4B7B720F358F500E13294 /* NSMutableData+Kimi.m in Sources */ = {isa = PBXBuildFile; fileRef = 90F4B7B620F358F500E13294 /* NSMutableData+Kimi.m */; };
		90F4B7BA20F35BBE00E13294 /* NSUserDefaults+Kimi.m in Sources */ = {isa = PBXBuildFile; fileRef = 90F4B7B920F35BBE00E13294 /* NSUserDefaults+Kimi.m */; };
		90F4B7BC20F35DE200E13294 /* UserDefaultsTests.m in Sources */ = {isa = PBXBuildFile; fileRef = 90F4B7BB20F35DE200E13294 /* UserDefaultsTests.m */; };
		90F4B7BF20F3660200E13294 /* KIMITimer.m in Sources */ = {isa = PBXBuildFile; fileRef = 90F4B7BE20F3660200E13294 /* KIMITimer.m */; };
		90F4B7C120F3665200E13294 /* TimerTests.m in Sources */ = {isa = PBXBuildFile; fileRef = 90F4B7C020F3665200E13294 /* TimerTests.m */; };
		90F4B7C420F374FF00E13294 /* NSURL+Kimi.m in Sources */ = {isa = PBXBuildFile; fileRef = 90F4B7C320F374FF00E13294 /* NSURL+Kimi.m */; };
		90F4B7C620F3783100E13294 /* URLTests.m in Sources */ = {isa = PBXBuildFile; fileRef = 90F4B7C520F3783100E13294 /* URLTests.m */; };
		90F4B7C920F45E8500E13294 /* NSURLRequest+Kimi.m in Sources */ = {isa = PBXBuildFile; fileRef = 90F4B7C820F45E8500E13294 /* NSURLRequest+Kimi.m */; };
		90F4B7CC20F4602400E13294 /* NSMutableURLRequest+Kimi.m in Sources */ = {isa = PBXBuildFile; fileRef = 90F4B7CB20F4602400E13294 /* NSMutableURLRequest+Kimi.m */; };
		90F4B7CF20F460DA00E13294 /* NSURLResponse+Kimi.m in Sources */ = {isa = PBXBuildFile; fileRef = 90F4B7CE20F460DA00E13294 /* NSURLResponse+Kimi.m */; };
		90F4B7D220F4612200E13294 /* NSURLSession+Kimi.m in Sources */ = {isa = PBXBuildFile; fileRef = 90F4B7D120F4612200E13294 /* NSURLSession+Kimi.m */; };
		90F4B7D520F462BE00E13294 /* NSURLSessionTask+Kimi.m in Sources */ = {isa = PBXBuildFile; fileRef = 90F4B7D420F462BE00E13294 /* NSURLSessionTask+Kimi.m */; };
		90F4B7D820F4680000E13294 /* NSBundle+Kimi.m in Sources */ = {isa = PBXBuildFile; fileRef = 90F4B7D720F4680000E13294 /* NSBundle+Kimi.m */; };
		90F4B7DB20F468CC00E13294 /* NSFileManager+Kimi.m in Sources */ = {isa = PBXBuildFile; fileRef = 90F4B7DA20F468CC00E13294 /* NSFileManager+Kimi.m */; };
		90F4B7DD20F5A2EB00E13294 /* FileManagerTests.m in Sources */ = {isa = PBXBuildFile; fileRef = 90F4B7DC20F5A2EB00E13294 /* FileManagerTests.m */; };
		90F4B7DF20F5AD2C00E13294 /* BundleTests.m in Sources */ = {isa = PBXBuildFile; fileRef = 90F4B7DE20F5AD2C00E13294 /* BundleTests.m */; };
		90F4B7E520F5B02F00E13294 /* URLSessionTests.m in Sources */ = {isa = PBXBuildFile; fileRef = 90F4B7E420F5B02F00E13294 /* URLSessionTests.m */; };
		ADDA4F9418088A9E33890397 /* libPods-Kimi-iOS-SDK.a in Frameworks */ = {isa = PBXBuildFile; fileRef = 90E993CFC01A1A1B21E46B8B /* libPods-Kimi-iOS-SDK.a */; };
/* End PBXBuildFile section */

/* Begin PBXContainerItemProxy section */
		907D743720F7449900C1D7D7 /* PBXContainerItemProxy */ = {
			isa = PBXContainerItemProxy;
			containerPortal = 9022D13220D3C975002F016F /* Project object */;
			proxyType = 1;
			remoteGlobalIDString = 9022D13920D3C976002F016F;
			remoteInfo = "Kimi-iOS-SDK";
		};
		90AAD9C620EF7AA200D82173 /* PBXContainerItemProxy */ = {
			isa = PBXContainerItemProxy;
			containerPortal = 9022D13220D3C975002F016F /* Project object */;
			proxyType = 1;
			remoteGlobalIDString = 9022D13920D3C976002F016F;
			remoteInfo = "Kimi-iOS-SDK";
		};
/* End PBXContainerItemProxy section */

/* Begin PBXFileReference section */
		0ABCAEF4154C941559666683 /* libPods-Kimi-iOS-SDKTests.a */ = {isa = PBXFileReference; explicitFileType = archive.ar; includeInIndex = 0; path = "libPods-Kimi-iOS-SDKTests.a"; sourceTree = BUILT_PRODUCTS_DIR; };
		901C4DEF20D3CE1600A71C3D /* UIView+Kimi.h */ = {isa = PBXFileReference; lastKnownFileType = sourcecode.c.h; path = "UIView+Kimi.h"; sourceTree = "<group>"; };
		901C4DF020D3CE1600A71C3D /* UIView+Kimi.m */ = {isa = PBXFileReference; lastKnownFileType = sourcecode.c.objc; path = "UIView+Kimi.m"; sourceTree = "<group>"; };
		901C4DF220D8A4AE00A71C3D /* UIColor+Kimi.h */ = {isa = PBXFileReference; lastKnownFileType = sourcecode.c.h; path = "UIColor+Kimi.h"; sourceTree = "<group>"; };
		901C4DF320D8A4AE00A71C3D /* UIColor+Kimi.m */ = {isa = PBXFileReference; lastKnownFileType = sourcecode.c.objc; path = "UIColor+Kimi.m"; sourceTree = "<group>"; };
		901C4DF520D8A69C00A71C3D /* test.js */ = {isa = PBXFileReference; lastKnownFileType = sourcecode.javascript; path = test.js; sourceTree = "<group>"; };
		901C4DF820D8BCC800A71C3D /* KIMIDispatchQueue.h */ = {isa = PBXFileReference; lastKnownFileType = sourcecode.c.h; path = KIMIDispatchQueue.h; sourceTree = "<group>"; };
		901C4DF920D8BCC800A71C3D /* KIMIDispatchQueue.m */ = {isa = PBXFileReference; lastKnownFileType = sourcecode.c.objc; path = KIMIDispatchQueue.m; sourceTree = "<group>"; };
		901C4DFB20D8E75D00A71C3D /* KIMIUIAnimator.h */ = {isa = PBXFileReference; lastKnownFileType = sourcecode.c.h; path = KIMIUIAnimator.h; sourceTree = "<group>"; };
		901C4DFC20D8E75D00A71C3D /* KIMIUIAnimator.m */ = {isa = PBXFileReference; lastKnownFileType = sourcecode.c.objc; path = KIMIUIAnimator.m; sourceTree = "<group>"; };
		901C4DFE20DA093000A71C3D /* UIGestureRecognizer+Kimi.h */ = {isa = PBXFileReference; lastKnownFileType = sourcecode.c.h; path = "UIGestureRecognizer+Kimi.h"; sourceTree = "<group>"; };
		901C4DFF20DA093000A71C3D /* UIGestureRecognizer+Kimi.m */ = {isa = PBXFileReference; lastKnownFileType = sourcecode.c.objc; path = "UIGestureRecognizer+Kimi.m"; sourceTree = "<group>"; };
		901C4E0120DA0BCE00A71C3D /* UITapGestureRecognizer+Kimi.h */ = {isa = PBXFileReference; lastKnownFileType = sourcecode.c.h; path = "UITapGestureRecognizer+Kimi.h"; sourceTree = "<group>"; };
		901C4E0220DA0BCE00A71C3D /* UITapGestureRecognizer+Kimi.m */ = {isa = PBXFileReference; lastKnownFileType = sourcecode.c.objc; path = "UITapGestureRecognizer+Kimi.m"; sourceTree = "<group>"; };
		901C4E0420DA64AA00A71C3D /* UILongPressGestureRecognizer+Kimi.h */ = {isa = PBXFileReference; lastKnownFileType = sourcecode.c.h; path = "UILongPressGestureRecognizer+Kimi.h"; sourceTree = "<group>"; };
		901C4E0520DA64AA00A71C3D /* UILongPressGestureRecognizer+Kimi.m */ = {isa = PBXFileReference; lastKnownFileType = sourcecode.c.objc; path = "UILongPressGestureRecognizer+Kimi.m"; sourceTree = "<group>"; };
		901C4E0720DA65FD00A71C3D /* UIPanGestureRecognizer+Kimi.h */ = {isa = PBXFileReference; lastKnownFileType = sourcecode.c.h; path = "UIPanGestureRecognizer+Kimi.h"; sourceTree = "<group>"; };
		901C4E0820DA65FD00A71C3D /* UIPanGestureRecognizer+Kimi.m */ = {isa = PBXFileReference; lastKnownFileType = sourcecode.c.objc; path = "UIPanGestureRecognizer+Kimi.m"; sourceTree = "<group>"; };
		901C4E0A20DA66C800A71C3D /* UIPinchGestureRecognizer+Kimi.h */ = {isa = PBXFileReference; lastKnownFileType = sourcecode.c.h; path = "UIPinchGestureRecognizer+Kimi.h"; sourceTree = "<group>"; };
		901C4E0B20DA66C800A71C3D /* UIPinchGestureRecognizer+Kimi.m */ = {isa = PBXFileReference; lastKnownFileType = sourcecode.c.objc; path = "UIPinchGestureRecognizer+Kimi.m"; sourceTree = "<group>"; };
		901C4E0D20DA675B00A71C3D /* UIRotationGestureRecognizer+Kimi.h */ = {isa = PBXFileReference; lastKnownFileType = sourcecode.c.h; path = "UIRotationGestureRecognizer+Kimi.h"; sourceTree = "<group>"; };
		901C4E0E20DA675B00A71C3D /* UIRotationGestureRecognizer+Kimi.m */ = {isa = PBXFileReference; lastKnownFileType = sourcecode.c.objc; path = "UIRotationGestureRecognizer+Kimi.m"; sourceTree = "<group>"; };
		901C4E1720DB70F200A71C3D /* CALayer+Kimi.h */ = {isa = PBXFileReference; lastKnownFileType = sourcecode.c.h; path = "CALayer+Kimi.h"; sourceTree = "<group>"; };
		901C4E1820DB70F200A71C3D /* CALayer+Kimi.m */ = {isa = PBXFileReference; lastKnownFileType = sourcecode.c.objc; path = "CALayer+Kimi.m"; sourceTree = "<group>"; };
		901C4E1A20DB958800A71C3D /* UIButton+Kimi.h */ = {isa = PBXFileReference; lastKnownFileType = sourcecode.c.h; path = "UIButton+Kimi.h"; sourceTree = "<group>"; };
		901C4E1B20DB958800A71C3D /* UIButton+Kimi.m */ = {isa = PBXFileReference; lastKnownFileType = sourcecode.c.objc; path = "UIButton+Kimi.m"; sourceTree = "<group>"; };
		901C4E1D20DBA0CB00A71C3D /* UIFont+Kimi.h */ = {isa = PBXFileReference; lastKnownFileType = sourcecode.c.h; path = "UIFont+Kimi.h"; sourceTree = "<group>"; };
		901C4E1E20DBA0CB00A71C3D /* UIFont+Kimi.m */ = {isa = PBXFileReference; lastKnownFileType = sourcecode.c.objc; path = "UIFont+Kimi.m"; sourceTree = "<group>"; };
		901C4E2020DBB17900A71C3D /* UIImageView+Kimi.h */ = {isa = PBXFileReference; lastKnownFileType = sourcecode.c.h; path = "UIImageView+Kimi.h"; sourceTree = "<group>"; };
		901C4E2120DBB17900A71C3D /* UIImageView+Kimi.m */ = {isa = PBXFileReference; lastKnownFileType = sourcecode.c.objc; path = "UIImageView+Kimi.m"; sourceTree = "<group>"; };
		901C4E2320DBB47200A71C3D /* UIImage+Kimi.h */ = {isa = PBXFileReference; lastKnownFileType = sourcecode.c.h; path = "UIImage+Kimi.h"; sourceTree = "<group>"; };
		901C4E2420DBB47200A71C3D /* UIImage+Kimi.m */ = {isa = PBXFileReference; lastKnownFileType = sourcecode.c.objc; path = "UIImage+Kimi.m"; sourceTree = "<group>"; };
		901C4E2620DBC92900A71C3D /* UILabel+Kimi.h */ = {isa = PBXFileReference; lastKnownFileType = sourcecode.c.h; path = "UILabel+Kimi.h"; sourceTree = "<group>"; };
		901C4E2720DBC92900A71C3D /* UILabel+Kimi.m */ = {isa = PBXFileReference; lastKnownFileType = sourcecode.c.objc; path = "UILabel+Kimi.m"; sourceTree = "<group>"; };
		901C4E2920DBCDCA00A71C3D /* UITextField+Kimi.h */ = {isa = PBXFileReference; lastKnownFileType = sourcecode.c.h; path = "UITextField+Kimi.h"; sourceTree = "<group>"; };
		901C4E2A20DBCDCA00A71C3D /* UITextField+Kimi.m */ = {isa = PBXFileReference; lastKnownFileType = sourcecode.c.objc; path = "UITextField+Kimi.m"; sourceTree = "<group>"; };
		9022D13A20D3C976002F016F /* Kimi-iOS-SDK.app */ = {isa = PBXFileReference; explicitFileType = wrapper.application; includeInIndex = 0; path = "Kimi-iOS-SDK.app"; sourceTree = BUILT_PRODUCTS_DIR; };
		9022D13D20D3C976002F016F /* AppDelegate.h */ = {isa = PBXFileReference; lastKnownFileType = sourcecode.c.h; path = AppDelegate.h; sourceTree = "<group>"; };
		9022D13E20D3C976002F016F /* AppDelegate.m */ = {isa = PBXFileReference; lastKnownFileType = sourcecode.c.objc; path = AppDelegate.m; sourceTree = "<group>"; };
		9022D14020D3C976002F016F /* ViewController.h */ = {isa = PBXFileReference; lastKnownFileType = sourcecode.c.h; path = ViewController.h; sourceTree = "<group>"; };
		9022D14120D3C976002F016F /* ViewController.m */ = {isa = PBXFileReference; lastKnownFileType = sourcecode.c.objc; path = ViewController.m; sourceTree = "<group>"; };
		9022D14420D3C976002F016F /* Base */ = {isa = PBXFileReference; lastKnownFileType = file.storyboard; name = Base; path = Base.lproj/Main.storyboard; sourceTree = "<group>"; };
		9022D14620D3C976002F016F /* Assets.xcassets */ = {isa = PBXFileReference; lastKnownFileType = folder.assetcatalog; path = Assets.xcassets; sourceTree = "<group>"; };
		9022D14920D3C976002F016F /* Base */ = {isa = PBXFileReference; lastKnownFileType = file.storyboard; name = Base; path = Base.lproj/LaunchScreen.storyboard; sourceTree = "<group>"; };
		9022D14B20D3C976002F016F /* Info.plist */ = {isa = PBXFileReference; lastKnownFileType = text.plist.xml; path = Info.plist; sourceTree = "<group>"; };
		9022D14C20D3C976002F016F /* main.m */ = {isa = PBXFileReference; lastKnownFileType = sourcecode.c.objc; path = main.m; sourceTree = "<group>"; };
		902D65DC20E2163B00A32EB8 /* UITextView+Kimi.h */ = {isa = PBXFileReference; lastKnownFileType = sourcecode.c.h; path = "UITextView+Kimi.h"; sourceTree = "<group>"; };
		902D65DD20E2163B00A32EB8 /* UITextView+Kimi.m */ = {isa = PBXFileReference; lastKnownFileType = sourcecode.c.objc; path = "UITextView+Kimi.m"; sourceTree = "<group>"; };
		902D65DF20E21C9F00A32EB8 /* UIScrollView+Kimi.h */ = {isa = PBXFileReference; lastKnownFileType = sourcecode.c.h; path = "UIScrollView+Kimi.h"; sourceTree = "<group>"; };
		902D65E020E21C9F00A32EB8 /* UIScrollView+Kimi.m */ = {isa = PBXFileReference; lastKnownFileType = sourcecode.c.objc; path = "UIScrollView+Kimi.m"; sourceTree = "<group>"; };
		902D65E220E222BF00A32EB8 /* UITableView+Kimi.h */ = {isa = PBXFileReference; lastKnownFileType = sourcecode.c.h; path = "UITableView+Kimi.h"; sourceTree = "<group>"; };
		902D65E320E222BF00A32EB8 /* UITableView+Kimi.m */ = {isa = PBXFileReference; lastKnownFileType = sourcecode.c.objc; path = "UITableView+Kimi.m"; sourceTree = "<group>"; };
		902D65E520E22BAF00A32EB8 /* UITableViewCell+Kimi.h */ = {isa = PBXFileReference; lastKnownFileType = sourcecode.c.h; path = "UITableViewCell+Kimi.h"; sourceTree = "<group>"; };
		902D65E620E22BB000A32EB8 /* UITableViewCell+Kimi.m */ = {isa = PBXFileReference; lastKnownFileType = sourcecode.c.objc; path = "UITableViewCell+Kimi.m"; sourceTree = "<group>"; };
		907D740820F618AF00C1D7D7 /* CAShapeLayer+Kimi.h */ = {isa = PBXFileReference; lastKnownFileType = sourcecode.c.h; path = "CAShapeLayer+Kimi.h"; sourceTree = "<group>"; };
		907D740920F618AF00C1D7D7 /* CAShapeLayer+Kimi.m */ = {isa = PBXFileReference; lastKnownFileType = sourcecode.c.objc; path = "CAShapeLayer+Kimi.m"; sourceTree = "<group>"; };
		907D740B20F61A8100C1D7D7 /* UIBezierPath+Kimi.h */ = {isa = PBXFileReference; lastKnownFileType = sourcecode.c.h; path = "UIBezierPath+Kimi.h"; sourceTree = "<group>"; };
		907D740C20F61A8100C1D7D7 /* UIBezierPath+Kimi.m */ = {isa = PBXFileReference; lastKnownFileType = sourcecode.c.objc; path = "UIBezierPath+Kimi.m"; sourceTree = "<group>"; };
		907D741320F7027500C1D7D7 /* NSMutableParagraphStyle+Kimi.h */ = {isa = PBXFileReference; lastKnownFileType = sourcecode.c.h; path = "NSMutableParagraphStyle+Kimi.h"; sourceTree = "<group>"; };
		907D741420F7027500C1D7D7 /* NSMutableParagraphStyle+Kimi.m */ = {isa = PBXFileReference; lastKnownFileType = sourcecode.c.objc; path = "NSMutableParagraphStyle+Kimi.m"; sourceTree = "<group>"; };
		907D741720F7063200C1D7D7 /* KimiTestExpectation.h */ = {isa = PBXFileReference; fileEncoding = 4; lastKnownFileType = sourcecode.c.h; path = KimiTestExpectation.h; sourceTree = "<group>"; };
		907D741820F7063200C1D7D7 /* KimiTestExpectation.m */ = {isa = PBXFileReference; fileEncoding = 4; lastKnownFileType = sourcecode.c.objc; path = KimiTestExpectation.m; sourceTree = "<group>"; };
		907D741920F7063200C1D7D7 /* NSObject+KimiTestExpectation.h */ = {isa = PBXFileReference; fileEncoding = 4; lastKnownFileType = sourcecode.c.h; path = "NSObject+KimiTestExpectation.h"; sourceTree = "<group>"; };
		907D741A20F7063200C1D7D7 /* NSObject+KimiTestExpectation.m */ = {isa = PBXFileReference; fileEncoding = 4; lastKnownFileType = sourcecode.c.objc; path = "NSObject+KimiTestExpectation.m"; sourceTree = "<group>"; };
		907D741B20F7063200C1D7D7 /* test.txt */ = {isa = PBXFileReference; fileEncoding = 4; lastKnownFileType = text; path = test.txt; sourceTree = "<group>"; };
		907D742020F7067B00C1D7D7 /* KimiUITest.storyboard */ = {isa = PBXFileReference; lastKnownFileType = file.storyboard; path = KimiUITest.storyboard; sourceTree = "<group>"; };
		907D742320F7081D00C1D7D7 /* KimiUITestViewsViewController.h */ = {isa = PBXFileReference; lastKnownFileType = sourcecode.c.h; path = KimiUITestViewsViewController.h; sourceTree = "<group>"; };
		907D742420F7081D00C1D7D7 /* KimiUITestViewsViewController.m */ = {isa = PBXFileReference; lastKnownFileType = sourcecode.c.objc; path = KimiUITestViewsViewController.m; sourceTree = "<group>"; };
		907D742620F7085400C1D7D7 /* KimiUITestMainTableViewController.h */ = {isa = PBXFileReference; lastKnownFileType = sourcecode.c.h; path = KimiUITestMainTableViewController.h; sourceTree = "<group>"; };
		907D742720F7085400C1D7D7 /* KimiUITestMainTableViewController.m */ = {isa = PBXFileReference; lastKnownFileType = sourcecode.c.objc; path = KimiUITestMainTableViewController.m; sourceTree = "<group>"; };
		907D742A20F7089400C1D7D7 /* UIViewTests.js */ = {isa = PBXFileReference; fileEncoding = 4; lastKnownFileType = sourcecode.javascript; path = UIViewTests.js; sourceTree = "<group>"; };
		907D743220F7449900C1D7D7 /* Kimi-iOS-SDKUITests.xctest */ = {isa = PBXFileReference; explicitFileType = wrapper.cfbundle; includeInIndex = 0; path = "Kimi-iOS-SDKUITests.xctest"; sourceTree = BUILT_PRODUCTS_DIR; };
		907D743420F7449900C1D7D7 /* Kimi_iOS_SDKUITests.m */ = {isa = PBXFileReference; lastKnownFileType = sourcecode.c.objc; path = Kimi_iOS_SDKUITests.m; sourceTree = "<group>"; };
		907D743620F7449900C1D7D7 /* Info.plist */ = {isa = PBXFileReference; lastKnownFileType = text.plist.xml; path = Info.plist; sourceTree = "<group>"; };
		907D743C20F74CDB00C1D7D7 /* UIViewAsserts.h */ = {isa = PBXFileReference; lastKnownFileType = sourcecode.c.h; path = UIViewAsserts.h; sourceTree = "<group>"; };
		907D743D20F74CDB00C1D7D7 /* UIViewAsserts.m */ = {isa = PBXFileReference; lastKnownFileType = sourcecode.c.objc; path = UIViewAsserts.m; sourceTree = "<group>"; };
		907D743F20F74D4500C1D7D7 /* KIMIUITestAsserts.h */ = {isa = PBXFileReference; lastKnownFileType = sourcecode.c.h; path = KIMIUITestAsserts.h; sourceTree = "<group>"; };
		907D744020F74D4500C1D7D7 /* KIMIUITestAsserts.m */ = {isa = PBXFileReference; lastKnownFileType = sourcecode.c.objc; path = KIMIUITestAsserts.m; sourceTree = "<group>"; };
		907D744420F84C6900C1D7D7 /* UIButtonTests.js */ = {isa = PBXFileReference; fileEncoding = 4; lastKnownFileType = sourcecode.javascript; path = UIButtonTests.js; sourceTree = "<group>"; };
		907D744620F84C7A00C1D7D7 /* UIButtonAsserts.h */ = {isa = PBXFileReference; lastKnownFileType = sourcecode.c.h; path = UIButtonAsserts.h; sourceTree = "<group>"; };
		907D744720F84C7A00C1D7D7 /* UIButtonAsserts.m */ = {isa = PBXFileReference; lastKnownFileType = sourcecode.c.objc; path = UIButtonAsserts.m; sourceTree = "<group>"; };
		907D744920F8583500C1D7D7 /* UIImageViewTests.js */ = {isa = PBXFileReference; fileEncoding = 4; lastKnownFileType = sourcecode.javascript; path = UIImageViewTests.js; sourceTree = "<group>"; };
		907D744B20F8583F00C1D7D7 /* UIImageViewAsserts.h */ = {isa = PBXFileReference; lastKnownFileType = sourcecode.c.h; path = UIImageViewAsserts.h; sourceTree = "<group>"; };
		907D744C20F8583F00C1D7D7 /* UIImageViewAsserts.m */ = {isa = PBXFileReference; lastKnownFileType = sourcecode.c.objc; path = UIImageViewAsserts.m; sourceTree = "<group>"; };
		907D744E20F879F300C1D7D7 /* UILabelTests.js */ = {isa = PBXFileReference; fileEncoding = 4; lastKnownFileType = sourcecode.javascript; path = UILabelTests.js; sourceTree = "<group>"; };
		907D745020F879FD00C1D7D7 /* UILabelAsserts.h */ = {isa = PBXFileReference; lastKnownFileType = sourcecode.c.h; path = UILabelAsserts.h; sourceTree = "<group>"; };
		907D745120F879FD00C1D7D7 /* UILabelAsserts.m */ = {isa = PBXFileReference; lastKnownFileType = sourcecode.c.objc; path = UILabelAsserts.m; sourceTree = "<group>"; };
		907D745320F87EE100C1D7D7 /* UITextFieldTests.js */ = {isa = PBXFileReference; fileEncoding = 4; lastKnownFileType = sourcecode.javascript; path = UITextFieldTests.js; sourceTree = "<group>"; };
		907D745520F87EEA00C1D7D7 /* UITextFieldAsserts.h */ = {isa = PBXFileReference; lastKnownFileType = sourcecode.c.h; path = UITextFieldAsserts.h; sourceTree = "<group>"; };
		907D745620F87EEA00C1D7D7 /* UITextFieldAsserts.m */ = {isa = PBXFileReference; lastKnownFileType = sourcecode.c.objc; path = UITextFieldAsserts.m; sourceTree = "<group>"; };
		907D745820F88CA000C1D7D7 /* UITextViewTests.js */ = {isa = PBXFileReference; fileEncoding = 4; lastKnownFileType = sourcecode.javascript; path = UITextViewTests.js; sourceTree = "<group>"; };
		907D745A20F88CB400C1D7D7 /* UITextViewAsserts.h */ = {isa = PBXFileReference; lastKnownFileType = sourcecode.c.h; path = UITextViewAsserts.h; sourceTree = "<group>"; };
		907D745B20F88CB400C1D7D7 /* UITextViewAsserts.m */ = {isa = PBXFileReference; lastKnownFileType = sourcecode.c.objc; path = UITextViewAsserts.m; sourceTree = "<group>"; };
		909365FC20E39F60008E4BCA /* NSIndexPath+Kimi.h */ = {isa = PBXFileReference; lastKnownFileType = sourcecode.c.h; path = "NSIndexPath+Kimi.h"; sourceTree = "<group>"; };
		909365FD20E39F60008E4BCA /* NSIndexPath+Kimi.m */ = {isa = PBXFileReference; lastKnownFileType = sourcecode.c.objc; path = "NSIndexPath+Kimi.m"; sourceTree = "<group>"; };
		90AAD8F020E4EA8C00D82173 /* UICollectionView+Kimi.h */ = {isa = PBXFileReference; lastKnownFileType = sourcecode.c.h; path = "UICollectionView+Kimi.h"; sourceTree = "<group>"; };
		90AAD8F120E4EA8C00D82173 /* UICollectionView+Kimi.m */ = {isa = PBXFileReference; lastKnownFileType = sourcecode.c.objc; path = "UICollectionView+Kimi.m"; sourceTree = "<group>"; };
		90AAD8F320E4EB5600D82173 /* UICollectionViewLayout+Kimi.h */ = {isa = PBXFileReference; lastKnownFileType = sourcecode.c.h; path = "UICollectionViewLayout+Kimi.h"; sourceTree = "<group>"; };
		90AAD8F420E4EB5600D82173 /* UICollectionViewLayout+Kimi.m */ = {isa = PBXFileReference; lastKnownFileType = sourcecode.c.objc; path = "UICollectionViewLayout+Kimi.m"; sourceTree = "<group>"; };
		90AAD8F620E4ECC300D82173 /* UICollectionViewFlowLayout+Kimi.h */ = {isa = PBXFileReference; lastKnownFileType = sourcecode.c.h; path = "UICollectionViewFlowLayout+Kimi.h"; sourceTree = "<group>"; };
		90AAD8F720E4ECC300D82173 /* UICollectionViewFlowLayout+Kimi.m */ = {isa = PBXFileReference; lastKnownFileType = sourcecode.c.objc; path = "UICollectionViewFlowLayout+Kimi.m"; sourceTree = "<group>"; };
		90AAD8F920E4EFE300D82173 /* UICollectionViewCell+Kimi.h */ = {isa = PBXFileReference; lastKnownFileType = sourcecode.c.h; path = "UICollectionViewCell+Kimi.h"; sourceTree = "<group>"; };
		90AAD8FA20E4EFE300D82173 /* UICollectionViewCell+Kimi.m */ = {isa = PBXFileReference; lastKnownFileType = sourcecode.c.objc; path = "UICollectionViewCell+Kimi.m"; sourceTree = "<group>"; };
		90AAD8FC20E600A700D82173 /* KIMIAlert.h */ = {isa = PBXFileReference; lastKnownFileType = sourcecode.c.h; path = KIMIAlert.h; sourceTree = "<group>"; };
		90AAD8FD20E600A700D82173 /* KIMIAlert.m */ = {isa = PBXFileReference; lastKnownFileType = sourcecode.c.objc; path = KIMIAlert.m; sourceTree = "<group>"; };
		90AAD8FF20E603D900D82173 /* KIMIPrompt.h */ = {isa = PBXFileReference; lastKnownFileType = sourcecode.c.h; path = KIMIPrompt.h; sourceTree = "<group>"; };
		90AAD90020E603D900D82173 /* KIMIPrompt.m */ = {isa = PBXFileReference; lastKnownFileType = sourcecode.c.objc; path = KIMIPrompt.m; sourceTree = "<group>"; };
		90AAD90220E6060100D82173 /* KIMIConfirm.h */ = {isa = PBXFileReference; lastKnownFileType = sourcecode.c.h; path = KIMIConfirm.h; sourceTree = "<group>"; };
		90AAD90320E6060100D82173 /* KIMIConfirm.m */ = {isa = PBXFileReference; lastKnownFileType = sourcecode.c.objc; path = KIMIConfirm.m; sourceTree = "<group>"; };
		90AAD90520E6265B00D82173 /* UIActivityIndicatorView+Kimi.h */ = {isa = PBXFileReference; lastKnownFileType = sourcecode.c.h; path = "UIActivityIndicatorView+Kimi.h"; sourceTree = "<group>"; };
		90AAD90620E6265B00D82173 /* UIActivityIndicatorView+Kimi.m */ = {isa = PBXFileReference; lastKnownFileType = sourcecode.c.objc; path = "UIActivityIndicatorView+Kimi.m"; sourceTree = "<group>"; };
		90AAD90820E62BE400D82173 /* UISwitch+Kimi.h */ = {isa = PBXFileReference; lastKnownFileType = sourcecode.c.h; path = "UISwitch+Kimi.h"; sourceTree = "<group>"; };
		90AAD90920E62BE400D82173 /* UISwitch+Kimi.m */ = {isa = PBXFileReference; lastKnownFileType = sourcecode.c.objc; path = "UISwitch+Kimi.m"; sourceTree = "<group>"; };
		90AAD90B20E62E8600D82173 /* UISlider+Kimi.h */ = {isa = PBXFileReference; lastKnownFileType = sourcecode.c.h; path = "UISlider+Kimi.h"; sourceTree = "<group>"; };
		90AAD90C20E62E8600D82173 /* UISlider+Kimi.m */ = {isa = PBXFileReference; lastKnownFileType = sourcecode.c.objc; path = "UISlider+Kimi.m"; sourceTree = "<group>"; };
		90AAD90E20E6420800D82173 /* WKWebView+Kimi.h */ = {isa = PBXFileReference; lastKnownFileType = sourcecode.c.h; path = "WKWebView+Kimi.h"; sourceTree = "<group>"; };
		90AAD90F20E6420800D82173 /* WKWebView+Kimi.m */ = {isa = PBXFileReference; lastKnownFileType = sourcecode.c.objc; path = "WKWebView+Kimi.m"; sourceTree = "<group>"; };
		90AAD91120E645F400D82173 /* NSAttributedString+Kimi.h */ = {isa = PBXFileReference; lastKnownFileType = sourcecode.c.h; path = "NSAttributedString+Kimi.h"; sourceTree = "<group>"; };
		90AAD91220E645F400D82173 /* NSAttributedString+Kimi.m */ = {isa = PBXFileReference; lastKnownFileType = sourcecode.c.objc; path = "NSAttributedString+Kimi.m"; sourceTree = "<group>"; };
		90AAD94C20EA06B500D82173 /* NSMutableAttributedString+Kimi.h */ = {isa = PBXFileReference; lastKnownFileType = sourcecode.c.h; path = "NSMutableAttributedString+Kimi.h"; sourceTree = "<group>"; };
		90AAD94D20EA06B500D82173 /* NSMutableAttributedString+Kimi.m */ = {isa = PBXFileReference; lastKnownFileType = sourcecode.c.objc; path = "NSMutableAttributedString+Kimi.m"; sourceTree = "<group>"; };
		90AAD95920EB700E00D82173 /* UIScreen+Kimi.h */ = {isa = PBXFileReference; lastKnownFileType = sourcecode.c.h; path = "UIScreen+Kimi.h"; sourceTree = "<group>"; };
		90AAD95A20EB700E00D82173 /* UIScreen+Kimi.m */ = {isa = PBXFileReference; lastKnownFileType = sourcecode.c.objc; path = "UIScreen+Kimi.m"; sourceTree = "<group>"; };
		90AAD95C20EB71CF00D82173 /* UIDevice+Kimi.h */ = {isa = PBXFileReference; lastKnownFileType = sourcecode.c.h; path = "UIDevice+Kimi.h"; sourceTree = "<group>"; };
		90AAD95D20EB71CF00D82173 /* UIDevice+Kimi.m */ = {isa = PBXFileReference; lastKnownFileType = sourcecode.c.objc; path = "UIDevice+Kimi.m"; sourceTree = "<group>"; };
		90AAD99C20EC9C7100D82173 /* UIViewController+Kimi.h */ = {isa = PBXFileReference; lastKnownFileType = sourcecode.c.h; path = "UIViewController+Kimi.h"; sourceTree = "<group>"; };
		90AAD99D20EC9C7100D82173 /* UIViewController+Kimi.m */ = {isa = PBXFileReference; lastKnownFileType = sourcecode.c.objc; path = "UIViewController+Kimi.m"; sourceTree = "<group>"; };
		90AAD99F20ECA5B700D82173 /* UINavigationController+Kimi.h */ = {isa = PBXFileReference; lastKnownFileType = sourcecode.c.h; path = "UINavigationController+Kimi.h"; sourceTree = "<group>"; };
		90AAD9A020ECA5B700D82173 /* UINavigationController+Kimi.m */ = {isa = PBXFileReference; lastKnownFileType = sourcecode.c.objc; path = "UINavigationController+Kimi.m"; sourceTree = "<group>"; };
		90AAD9A220ECB24300D82173 /* UINavigationBar+Kimi.h */ = {isa = PBXFileReference; lastKnownFileType = sourcecode.c.h; path = "UINavigationBar+Kimi.h"; sourceTree = "<group>"; };
		90AAD9A320ECB24400D82173 /* UINavigationBar+Kimi.m */ = {isa = PBXFileReference; lastKnownFileType = sourcecode.c.objc; path = "UINavigationBar+Kimi.m"; sourceTree = "<group>"; };
		90AAD9A520ECB93A00D82173 /* UINavigationItem+Kimi.h */ = {isa = PBXFileReference; lastKnownFileType = sourcecode.c.h; path = "UINavigationItem+Kimi.h"; sourceTree = "<group>"; };
		90AAD9A620ECB93A00D82173 /* UINavigationItem+Kimi.m */ = {isa = PBXFileReference; lastKnownFileType = sourcecode.c.objc; path = "UINavigationItem+Kimi.m"; sourceTree = "<group>"; };
		90AAD9A820ECBD6000D82173 /* UIBarButtonItem+Kimi.h */ = {isa = PBXFileReference; lastKnownFileType = sourcecode.c.h; path = "UIBarButtonItem+Kimi.h"; sourceTree = "<group>"; };
		90AAD9A920ECBD6000D82173 /* UIBarButtonItem+Kimi.m */ = {isa = PBXFileReference; lastKnownFileType = sourcecode.c.objc; path = "UIBarButtonItem+Kimi.m"; sourceTree = "<group>"; };
		90AAD9AB20ECC17900D82173 /* UITabBarController+Kimi.h */ = {isa = PBXFileReference; lastKnownFileType = sourcecode.c.h; path = "UITabBarController+Kimi.h"; sourceTree = "<group>"; };
		90AAD9AC20ECC17900D82173 /* UITabBarController+Kimi.m */ = {isa = PBXFileReference; lastKnownFileType = sourcecode.c.objc; path = "UITabBarController+Kimi.m"; sourceTree = "<group>"; };
		90AAD9AE20ECC41F00D82173 /* UITabBar+Kimi.h */ = {isa = PBXFileReference; lastKnownFileType = sourcecode.c.h; path = "UITabBar+Kimi.h"; sourceTree = "<group>"; };
		90AAD9AF20ECC41F00D82173 /* UITabBar+Kimi.m */ = {isa = PBXFileReference; lastKnownFileType = sourcecode.c.objc; path = "UITabBar+Kimi.m"; sourceTree = "<group>"; };
		90AAD9B120ECC5E100D82173 /* UITabBarItem+Kimi.h */ = {isa = PBXFileReference; lastKnownFileType = sourcecode.c.h; path = "UITabBarItem+Kimi.h"; sourceTree = "<group>"; };
		90AAD9B220ECC5E100D82173 /* UITabBarItem+Kimi.m */ = {isa = PBXFileReference; lastKnownFileType = sourcecode.c.objc; path = "UITabBarItem+Kimi.m"; sourceTree = "<group>"; };
		90AAD9B420ECE14300D82173 /* UIPageViewController+Kimi.h */ = {isa = PBXFileReference; lastKnownFileType = sourcecode.c.h; path = "UIPageViewController+Kimi.h"; sourceTree = "<group>"; };
		90AAD9B520ECE14300D82173 /* UIPageViewController+Kimi.m */ = {isa = PBXFileReference; lastKnownFileType = sourcecode.c.objc; path = "UIPageViewController+Kimi.m"; sourceTree = "<group>"; };
		90AAD9B720EDCF0E00D82173 /* UIStackView+Kimi.h */ = {isa = PBXFileReference; lastKnownFileType = sourcecode.c.h; path = "UIStackView+Kimi.h"; sourceTree = "<group>"; };
		90AAD9B820EDCF0E00D82173 /* UIStackView+Kimi.m */ = {isa = PBXFileReference; lastKnownFileType = sourcecode.c.objc; path = "UIStackView+Kimi.m"; sourceTree = "<group>"; };
		90AAD9BA20EE0C1400D82173 /* UIProgressView+Kimi.h */ = {isa = PBXFileReference; lastKnownFileType = sourcecode.c.h; path = "UIProgressView+Kimi.h"; sourceTree = "<group>"; };
		90AAD9BB20EE0C1400D82173 /* UIProgressView+Kimi.m */ = {isa = PBXFileReference; lastKnownFileType = sourcecode.c.objc; path = "UIProgressView+Kimi.m"; sourceTree = "<group>"; };
		90AAD9C120EF7AA200D82173 /* Kimi-iOS-SDKTests.xctest */ = {isa = PBXFileReference; explicitFileType = wrapper.cfbundle; includeInIndex = 0; path = "Kimi-iOS-SDKTests.xctest"; sourceTree = BUILT_PRODUCTS_DIR; };
		90AAD9C520EF7AA200D82173 /* Info.plist */ = {isa = PBXFileReference; lastKnownFileType = text.plist.xml; path = Info.plist; sourceTree = "<group>"; };
		90E993CFC01A1A1B21E46B8B /* libPods-Kimi-iOS-SDK.a */ = {isa = PBXFileReference; explicitFileType = archive.ar; includeInIndex = 0; path = "libPods-Kimi-iOS-SDK.a"; sourceTree = BUILT_PRODUCTS_DIR; };
		90F4B7A720F33E9900E13294 /* DispatchQueueTests.m */ = {isa = PBXFileReference; lastKnownFileType = sourcecode.c.objc; path = DispatchQueueTests.m; sourceTree = "<group>"; };
		90F4B7A920F340AC00E13294 /* NSUUID+Kimi.h */ = {isa = PBXFileReference; lastKnownFileType = sourcecode.c.h; path = "NSUUID+Kimi.h"; sourceTree = "<group>"; };
		90F4B7AA20F340AC00E13294 /* NSUUID+Kimi.m */ = {isa = PBXFileReference; lastKnownFileType = sourcecode.c.objc; path = "NSUUID+Kimi.m"; sourceTree = "<group>"; };
		90F4B7AD20F3413600E13294 /* UUIDTests.m */ = {isa = PBXFileReference; lastKnownFileType = sourcecode.c.objc; path = UUIDTests.m; sourceTree = "<group>"; };
		90F4B7AF20F3424900E13294 /* NSData+Kimi.h */ = {isa = PBXFileReference; lastKnownFileType = sourcecode.c.h; path = "NSData+Kimi.h"; sourceTree = "<group>"; };
		90F4B7B020F3424900E13294 /* NSData+Kimi.m */ = {isa = PBXFileReference; lastKnownFileType = sourcecode.c.objc; path = "NSData+Kimi.m"; sourceTree = "<group>"; };
		90F4B7B320F344E300E13294 /* DataTests.m */ = {isa = PBXFileReference; lastKnownFileType = sourcecode.c.objc; path = DataTests.m; sourceTree = "<group>"; };
		90F4B7B520F358F500E13294 /* NSMutableData+Kimi.h */ = {isa = PBXFileReference; lastKnownFileType = sourcecode.c.h; path = "NSMutableData+Kimi.h"; sourceTree = "<group>"; };
		90F4B7B620F358F500E13294 /* NSMutableData+Kimi.m */ = {isa = PBXFileReference; lastKnownFileType = sourcecode.c.objc; path = "NSMutableData+Kimi.m"; sourceTree = "<group>"; };
		90F4B7B820F35BBE00E13294 /* NSUserDefaults+Kimi.h */ = {isa = PBXFileReference; lastKnownFileType = sourcecode.c.h; path = "NSUserDefaults+Kimi.h"; sourceTree = "<group>"; };
		90F4B7B920F35BBE00E13294 /* NSUserDefaults+Kimi.m */ = {isa = PBXFileReference; lastKnownFileType = sourcecode.c.objc; path = "NSUserDefaults+Kimi.m"; sourceTree = "<group>"; };
		90F4B7BB20F35DE200E13294 /* UserDefaultsTests.m */ = {isa = PBXFileReference; lastKnownFileType = sourcecode.c.objc; path = UserDefaultsTests.m; sourceTree = "<group>"; };
		90F4B7BD20F3660200E13294 /* KIMITimer.h */ = {isa = PBXFileReference; lastKnownFileType = sourcecode.c.h; path = KIMITimer.h; sourceTree = "<group>"; };
		90F4B7BE20F3660200E13294 /* KIMITimer.m */ = {isa = PBXFileReference; lastKnownFileType = sourcecode.c.objc; path = KIMITimer.m; sourceTree = "<group>"; };
		90F4B7C020F3665200E13294 /* TimerTests.m */ = {isa = PBXFileReference; lastKnownFileType = sourcecode.c.objc; path = TimerTests.m; sourceTree = "<group>"; };
		90F4B7C220F374FF00E13294 /* NSURL+Kimi.h */ = {isa = PBXFileReference; lastKnownFileType = sourcecode.c.h; path = "NSURL+Kimi.h"; sourceTree = "<group>"; };
		90F4B7C320F374FF00E13294 /* NSURL+Kimi.m */ = {isa = PBXFileReference; lastKnownFileType = sourcecode.c.objc; path = "NSURL+Kimi.m"; sourceTree = "<group>"; };
		90F4B7C520F3783100E13294 /* URLTests.m */ = {isa = PBXFileReference; lastKnownFileType = sourcecode.c.objc; path = URLTests.m; sourceTree = "<group>"; };
		90F4B7C720F45E8500E13294 /* NSURLRequest+Kimi.h */ = {isa = PBXFileReference; lastKnownFileType = sourcecode.c.h; path = "NSURLRequest+Kimi.h"; sourceTree = "<group>"; };
		90F4B7C820F45E8500E13294 /* NSURLRequest+Kimi.m */ = {isa = PBXFileReference; lastKnownFileType = sourcecode.c.objc; path = "NSURLRequest+Kimi.m"; sourceTree = "<group>"; };
		90F4B7CA20F4602400E13294 /* NSMutableURLRequest+Kimi.h */ = {isa = PBXFileReference; lastKnownFileType = sourcecode.c.h; path = "NSMutableURLRequest+Kimi.h"; sourceTree = "<group>"; };
		90F4B7CB20F4602400E13294 /* NSMutableURLRequest+Kimi.m */ = {isa = PBXFileReference; lastKnownFileType = sourcecode.c.objc; path = "NSMutableURLRequest+Kimi.m"; sourceTree = "<group>"; };
		90F4B7CD20F460DA00E13294 /* NSURLResponse+Kimi.h */ = {isa = PBXFileReference; lastKnownFileType = sourcecode.c.h; path = "NSURLResponse+Kimi.h"; sourceTree = "<group>"; };
		90F4B7CE20F460DA00E13294 /* NSURLResponse+Kimi.m */ = {isa = PBXFileReference; lastKnownFileType = sourcecode.c.objc; path = "NSURLResponse+Kimi.m"; sourceTree = "<group>"; };
		90F4B7D020F4612200E13294 /* NSURLSession+Kimi.h */ = {isa = PBXFileReference; lastKnownFileType = sourcecode.c.h; path = "NSURLSession+Kimi.h"; sourceTree = "<group>"; };
		90F4B7D120F4612200E13294 /* NSURLSession+Kimi.m */ = {isa = PBXFileReference; lastKnownFileType = sourcecode.c.objc; path = "NSURLSession+Kimi.m"; sourceTree = "<group>"; };
		90F4B7D320F462BE00E13294 /* NSURLSessionTask+Kimi.h */ = {isa = PBXFileReference; lastKnownFileType = sourcecode.c.h; path = "NSURLSessionTask+Kimi.h"; sourceTree = "<group>"; };
		90F4B7D420F462BE00E13294 /* NSURLSessionTask+Kimi.m */ = {isa = PBXFileReference; lastKnownFileType = sourcecode.c.objc; path = "NSURLSessionTask+Kimi.m"; sourceTree = "<group>"; };
		90F4B7D620F4680000E13294 /* NSBundle+Kimi.h */ = {isa = PBXFileReference; lastKnownFileType = sourcecode.c.h; path = "NSBundle+Kimi.h"; sourceTree = "<group>"; };
		90F4B7D720F4680000E13294 /* NSBundle+Kimi.m */ = {isa = PBXFileReference; lastKnownFileType = sourcecode.c.objc; path = "NSBundle+Kimi.m"; sourceTree = "<group>"; };
		90F4B7D920F468CC00E13294 /* NSFileManager+Kimi.h */ = {isa = PBXFileReference; lastKnownFileType = sourcecode.c.h; path = "NSFileManager+Kimi.h"; sourceTree = "<group>"; };
		90F4B7DA20F468CC00E13294 /* NSFileManager+Kimi.m */ = {isa = PBXFileReference; lastKnownFileType = sourcecode.c.objc; path = "NSFileManager+Kimi.m"; sourceTree = "<group>"; };
		90F4B7DC20F5A2EB00E13294 /* FileManagerTests.m */ = {isa = PBXFileReference; lastKnownFileType = sourcecode.c.objc; path = FileManagerTests.m; sourceTree = "<group>"; };
		90F4B7DE20F5AD2C00E13294 /* BundleTests.m */ = {isa = PBXFileReference; lastKnownFileType = sourcecode.c.objc; path = BundleTests.m; sourceTree = "<group>"; };
		90F4B7E420F5B02F00E13294 /* URLSessionTests.m */ = {isa = PBXFileReference; lastKnownFileType = sourcecode.c.objc; path = URLSessionTests.m; sourceTree = "<group>"; };
		90F4B7E620F5B1FC00E13294 /* XCTest.framework */ = {isa = PBXFileReference; lastKnownFileType = wrapper.framework; name = XCTest.framework; path = Platforms/iPhoneOS.platform/Developer/Library/Frameworks/XCTest.framework; sourceTree = DEVELOPER_DIR; };
		90F4B81420F6084F00E13294 /* CAGradientLayer+Kimi.h */ = {isa = PBXFileReference; lastKnownFileType = sourcecode.c.h; path = "CAGradientLayer+Kimi.h"; sourceTree = "<group>"; };
		90F4B81520F6084F00E13294 /* CAGradientLayer+Kimi.m */ = {isa = PBXFileReference; lastKnownFileType = sourcecode.c.objc; path = "CAGradientLayer+Kimi.m"; sourceTree = "<group>"; };
		90F4B81720F60B8700E13294 /* CADisplayLink+Kimi.h */ = {isa = PBXFileReference; lastKnownFileType = sourcecode.c.h; path = "CADisplayLink+Kimi.h"; sourceTree = "<group>"; };
		90F4B81820F60B8700E13294 /* CADisplayLink+Kimi.m */ = {isa = PBXFileReference; lastKnownFileType = sourcecode.c.objc; path = "CADisplayLink+Kimi.m"; sourceTree = "<group>"; };
		B78C791A06EF5BC4DCC1AC17 /* Pods-Kimi-iOS-SDK.release.xcconfig */ = {isa = PBXFileReference; includeInIndex = 1; lastKnownFileType = text.xcconfig; name = "Pods-Kimi-iOS-SDK.release.xcconfig"; path = "Pods/Target Support Files/Pods-Kimi-iOS-SDK/Pods-Kimi-iOS-SDK.release.xcconfig"; sourceTree = "<group>"; };
		DBBD3F36ABFC565ED8CF5D31 /* Pods-Kimi-iOS-SDK.debug.xcconfig */ = {isa = PBXFileReference; includeInIndex = 1; lastKnownFileType = text.xcconfig; name = "Pods-Kimi-iOS-SDK.debug.xcconfig"; path = "Pods/Target Support Files/Pods-Kimi-iOS-SDK/Pods-Kimi-iOS-SDK.debug.xcconfig"; sourceTree = "<group>"; };
/* End PBXFileReference section */

/* Begin PBXFrameworksBuildPhase section */
		9022D13720D3C976002F016F /* Frameworks */ = {
			isa = PBXFrameworksBuildPhase;
			buildActionMask = 2147483647;
			files = (
				ADDA4F9418088A9E33890397 /* libPods-Kimi-iOS-SDK.a in Frameworks */,
			);
			runOnlyForDeploymentPostprocessing = 0;
		};
		907D742F20F7449900C1D7D7 /* Frameworks */ = {
			isa = PBXFrameworksBuildPhase;
			buildActionMask = 2147483647;
			files = (
			);
			runOnlyForDeploymentPostprocessing = 0;
		};
		90AAD9BE20EF7AA200D82173 /* Frameworks */ = {
			isa = PBXFrameworksBuildPhase;
			buildActionMask = 2147483647;
			files = (
			);
			runOnlyForDeploymentPostprocessing = 0;
		};
/* End PBXFrameworksBuildPhase section */

/* Begin PBXGroup section */
		3360B36EDDE0C031825CD25B /* Frameworks */ = {
			isa = PBXGroup;
			children = (
				90F4B7E620F5B1FC00E13294 /* XCTest.framework */,
				90E993CFC01A1A1B21E46B8B /* libPods-Kimi-iOS-SDK.a */,
				0ABCAEF4154C941559666683 /* libPods-Kimi-iOS-SDKTests.a */,
			);
			name = Frameworks;
			sourceTree = "<group>";
		};
		901C4DED20D3CB6200A71C3D /* Source */ = {
			isa = PBXGroup;
			children = (
				901C4DF720D8BCA600A71C3D /* Foundation */,
				901C4DEE20D3CB6200A71C3D /* UIKit */,
				901C4E1620DB70DA00A71C3D /* CoreGraphics */,
			);
			path = Source;
			sourceTree = "<group>";
		};
		901C4DEE20D3CB6200A71C3D /* UIKit */ = {
			isa = PBXGroup;
			children = (
				901C4DEF20D3CE1600A71C3D /* UIView+Kimi.h */,
				901C4DF020D3CE1600A71C3D /* UIView+Kimi.m */,
				901C4E1A20DB958800A71C3D /* UIButton+Kimi.h */,
				901C4E1B20DB958800A71C3D /* UIButton+Kimi.m */,
				901C4E2020DBB17900A71C3D /* UIImageView+Kimi.h */,
				901C4E2120DBB17900A71C3D /* UIImageView+Kimi.m */,
				901C4E2320DBB47200A71C3D /* UIImage+Kimi.h */,
				901C4E2420DBB47200A71C3D /* UIImage+Kimi.m */,
				901C4E2620DBC92900A71C3D /* UILabel+Kimi.h */,
				901C4E2720DBC92900A71C3D /* UILabel+Kimi.m */,
				90AAD91120E645F400D82173 /* NSAttributedString+Kimi.h */,
				90AAD91220E645F400D82173 /* NSAttributedString+Kimi.m */,
				90AAD94C20EA06B500D82173 /* NSMutableAttributedString+Kimi.h */,
				90AAD94D20EA06B500D82173 /* NSMutableAttributedString+Kimi.m */,
				907D741320F7027500C1D7D7 /* NSMutableParagraphStyle+Kimi.h */,
				907D741420F7027500C1D7D7 /* NSMutableParagraphStyle+Kimi.m */,
				901C4E2920DBCDCA00A71C3D /* UITextField+Kimi.h */,
				901C4E2A20DBCDCA00A71C3D /* UITextField+Kimi.m */,
				902D65DC20E2163B00A32EB8 /* UITextView+Kimi.h */,
				902D65DD20E2163B00A32EB8 /* UITextView+Kimi.m */,
				902D65DF20E21C9F00A32EB8 /* UIScrollView+Kimi.h */,
				902D65E020E21C9F00A32EB8 /* UIScrollView+Kimi.m */,
				902D65E220E222BF00A32EB8 /* UITableView+Kimi.h */,
				902D65E320E222BF00A32EB8 /* UITableView+Kimi.m */,
				909365FC20E39F60008E4BCA /* NSIndexPath+Kimi.h */,
				909365FD20E39F60008E4BCA /* NSIndexPath+Kimi.m */,
				902D65E520E22BAF00A32EB8 /* UITableViewCell+Kimi.h */,
				902D65E620E22BB000A32EB8 /* UITableViewCell+Kimi.m */,
				90AAD8F020E4EA8C00D82173 /* UICollectionView+Kimi.h */,
				90AAD8F120E4EA8C00D82173 /* UICollectionView+Kimi.m */,
				90AAD8F920E4EFE300D82173 /* UICollectionViewCell+Kimi.h */,
				90AAD8FA20E4EFE300D82173 /* UICollectionViewCell+Kimi.m */,
				90AAD8F320E4EB5600D82173 /* UICollectionViewLayout+Kimi.h */,
				90AAD8F420E4EB5600D82173 /* UICollectionViewLayout+Kimi.m */,
				90AAD8F620E4ECC300D82173 /* UICollectionViewFlowLayout+Kimi.h */,
				90AAD8F720E4ECC300D82173 /* UICollectionViewFlowLayout+Kimi.m */,
				90AAD90520E6265B00D82173 /* UIActivityIndicatorView+Kimi.h */,
				90AAD90620E6265B00D82173 /* UIActivityIndicatorView+Kimi.m */,
				90AAD90820E62BE400D82173 /* UISwitch+Kimi.h */,
				90AAD90920E62BE400D82173 /* UISwitch+Kimi.m */,
				90AAD90B20E62E8600D82173 /* UISlider+Kimi.h */,
				90AAD90C20E62E8600D82173 /* UISlider+Kimi.m */,
				90AAD90E20E6420800D82173 /* WKWebView+Kimi.h */,
				90AAD90F20E6420800D82173 /* WKWebView+Kimi.m */,
				901C4DF220D8A4AE00A71C3D /* UIColor+Kimi.h */,
				901C4DF320D8A4AE00A71C3D /* UIColor+Kimi.m */,
				901C4E1D20DBA0CB00A71C3D /* UIFont+Kimi.h */,
				901C4E1E20DBA0CB00A71C3D /* UIFont+Kimi.m */,
				90AAD95920EB700E00D82173 /* UIScreen+Kimi.h */,
				90AAD95A20EB700E00D82173 /* UIScreen+Kimi.m */,
				90AAD95C20EB71CF00D82173 /* UIDevice+Kimi.h */,
				90AAD95D20EB71CF00D82173 /* UIDevice+Kimi.m */,
				901C4DFE20DA093000A71C3D /* UIGestureRecognizer+Kimi.h */,
				901C4DFF20DA093000A71C3D /* UIGestureRecognizer+Kimi.m */,
				901C4E0120DA0BCE00A71C3D /* UITapGestureRecognizer+Kimi.h */,
				901C4E0220DA0BCE00A71C3D /* UITapGestureRecognizer+Kimi.m */,
				901C4E0420DA64AA00A71C3D /* UILongPressGestureRecognizer+Kimi.h */,
				901C4E0520DA64AA00A71C3D /* UILongPressGestureRecognizer+Kimi.m */,
				901C4E0720DA65FD00A71C3D /* UIPanGestureRecognizer+Kimi.h */,
				901C4E0820DA65FD00A71C3D /* UIPanGestureRecognizer+Kimi.m */,
				901C4E0A20DA66C800A71C3D /* UIPinchGestureRecognizer+Kimi.h */,
				901C4E0B20DA66C800A71C3D /* UIPinchGestureRecognizer+Kimi.m */,
				901C4E0D20DA675B00A71C3D /* UIRotationGestureRecognizer+Kimi.h */,
				901C4E0E20DA675B00A71C3D /* UIRotationGestureRecognizer+Kimi.m */,
				90AAD99C20EC9C7100D82173 /* UIViewController+Kimi.h */,
				90AAD99D20EC9C7100D82173 /* UIViewController+Kimi.m */,
				90AAD99F20ECA5B700D82173 /* UINavigationController+Kimi.h */,
				90AAD9A020ECA5B700D82173 /* UINavigationController+Kimi.m */,
				90AAD9A220ECB24300D82173 /* UINavigationBar+Kimi.h */,
				90AAD9A320ECB24400D82173 /* UINavigationBar+Kimi.m */,
				90AAD9A520ECB93A00D82173 /* UINavigationItem+Kimi.h */,
				90AAD9A620ECB93A00D82173 /* UINavigationItem+Kimi.m */,
				90AAD9A820ECBD6000D82173 /* UIBarButtonItem+Kimi.h */,
				90AAD9A920ECBD6000D82173 /* UIBarButtonItem+Kimi.m */,
				90AAD9AB20ECC17900D82173 /* UITabBarController+Kimi.h */,
				90AAD9AC20ECC17900D82173 /* UITabBarController+Kimi.m */,
				90AAD9AE20ECC41F00D82173 /* UITabBar+Kimi.h */,
				90AAD9AF20ECC41F00D82173 /* UITabBar+Kimi.m */,
				90AAD9B120ECC5E100D82173 /* UITabBarItem+Kimi.h */,
				90AAD9B220ECC5E100D82173 /* UITabBarItem+Kimi.m */,
				90AAD9B420ECE14300D82173 /* UIPageViewController+Kimi.h */,
				90AAD9B520ECE14300D82173 /* UIPageViewController+Kimi.m */,
				90AAD9B720EDCF0E00D82173 /* UIStackView+Kimi.h */,
				90AAD9B820EDCF0E00D82173 /* UIStackView+Kimi.m */,
				90AAD9BA20EE0C1400D82173 /* UIProgressView+Kimi.h */,
				90AAD9BB20EE0C1400D82173 /* UIProgressView+Kimi.m */,
				907D740B20F61A8100C1D7D7 /* UIBezierPath+Kimi.h */,
				907D740C20F61A8100C1D7D7 /* UIBezierPath+Kimi.m */,
				901C4DFB20D8E75D00A71C3D /* KIMIUIAnimator.h */,
				901C4DFC20D8E75D00A71C3D /* KIMIUIAnimator.m */,
				90AAD8FC20E600A700D82173 /* KIMIAlert.h */,
				90AAD8FD20E600A700D82173 /* KIMIAlert.m */,
				90AAD8FF20E603D900D82173 /* KIMIPrompt.h */,
				90AAD90020E603D900D82173 /* KIMIPrompt.m */,
				90AAD90220E6060100D82173 /* KIMIConfirm.h */,
				90AAD90320E6060100D82173 /* KIMIConfirm.m */,
			);
			path = UIKit;
			sourceTree = "<group>";
		};
		901C4DF720D8BCA600A71C3D /* Foundation */ = {
			isa = PBXGroup;
			children = (
				901C4DF820D8BCC800A71C3D /* KIMIDispatchQueue.h */,
				901C4DF920D8BCC800A71C3D /* KIMIDispatchQueue.m */,
				90F4B7BD20F3660200E13294 /* KIMITimer.h */,
				90F4B7BE20F3660200E13294 /* KIMITimer.m */,
				90F4B7A920F340AC00E13294 /* NSUUID+Kimi.h */,
				90F4B7AA20F340AC00E13294 /* NSUUID+Kimi.m */,
				90F4B7AF20F3424900E13294 /* NSData+Kimi.h */,
				90F4B7B020F3424900E13294 /* NSData+Kimi.m */,
				90F4B7B520F358F500E13294 /* NSMutableData+Kimi.h */,
				90F4B7B620F358F500E13294 /* NSMutableData+Kimi.m */,
				90F4B7B820F35BBE00E13294 /* NSUserDefaults+Kimi.h */,
				90F4B7B920F35BBE00E13294 /* NSUserDefaults+Kimi.m */,
				90F4B7C220F374FF00E13294 /* NSURL+Kimi.h */,
				90F4B7C320F374FF00E13294 /* NSURL+Kimi.m */,
				90F4B7C720F45E8500E13294 /* NSURLRequest+Kimi.h */,
				90F4B7C820F45E8500E13294 /* NSURLRequest+Kimi.m */,
				90F4B7CA20F4602400E13294 /* NSMutableURLRequest+Kimi.h */,
				90F4B7CB20F4602400E13294 /* NSMutableURLRequest+Kimi.m */,
				90F4B7CD20F460DA00E13294 /* NSURLResponse+Kimi.h */,
				90F4B7CE20F460DA00E13294 /* NSURLResponse+Kimi.m */,
				90F4B7D020F4612200E13294 /* NSURLSession+Kimi.h */,
				90F4B7D120F4612200E13294 /* NSURLSession+Kimi.m */,
				90F4B7D320F462BE00E13294 /* NSURLSessionTask+Kimi.h */,
				90F4B7D420F462BE00E13294 /* NSURLSessionTask+Kimi.m */,
				90F4B7D620F4680000E13294 /* NSBundle+Kimi.h */,
				90F4B7D720F4680000E13294 /* NSBundle+Kimi.m */,
				90F4B7D920F468CC00E13294 /* NSFileManager+Kimi.h */,
				90F4B7DA20F468CC00E13294 /* NSFileManager+Kimi.m */,
			);
			path = Foundation;
			sourceTree = "<group>";
		};
		901C4E1620DB70DA00A71C3D /* CoreGraphics */ = {
			isa = PBXGroup;
			children = (
				901C4E1720DB70F200A71C3D /* CALayer+Kimi.h */,
				901C4E1820DB70F200A71C3D /* CALayer+Kimi.m */,
				90F4B81420F6084F00E13294 /* CAGradientLayer+Kimi.h */,
				90F4B81520F6084F00E13294 /* CAGradientLayer+Kimi.m */,
				907D740820F618AF00C1D7D7 /* CAShapeLayer+Kimi.h */,
				907D740920F618AF00C1D7D7 /* CAShapeLayer+Kimi.m */,
				90F4B81720F60B8700E13294 /* CADisplayLink+Kimi.h */,
				90F4B81820F60B8700E13294 /* CADisplayLink+Kimi.m */,
			);
			path = CoreGraphics;
			sourceTree = "<group>";
		};
		9022D13120D3C975002F016F = {
			isa = PBXGroup;
			children = (
				901C4DED20D3CB6200A71C3D /* Source */,
				9022D13C20D3C976002F016F /* Kimi-iOS-SDK */,
				90AAD9C220EF7AA200D82173 /* Kimi-iOS-SDKTests */,
				907D743320F7449900C1D7D7 /* Kimi-iOS-SDKUITests */,
				9022D13B20D3C976002F016F /* Products */,
				961CCC4BDAFFD64368A856C5 /* Pods */,
				3360B36EDDE0C031825CD25B /* Frameworks */,
			);
			sourceTree = "<group>";
		};
		9022D13B20D3C976002F016F /* Products */ = {
			isa = PBXGroup;
			children = (
				9022D13A20D3C976002F016F /* Kimi-iOS-SDK.app */,
				90AAD9C120EF7AA200D82173 /* Kimi-iOS-SDKTests.xctest */,
				907D743220F7449900C1D7D7 /* Kimi-iOS-SDKUITests.xctest */,
			);
			name = Products;
			sourceTree = "<group>";
		};
		9022D13C20D3C976002F016F /* Kimi-iOS-SDK */ = {
			isa = PBXGroup;
			children = (
				907D741C20F7063200C1D7D7 /* UI Test Supporting Files */,
				907D741620F7063200C1D7D7 /* Unit Test Supporting Files */,
				9022D13D20D3C976002F016F /* AppDelegate.h */,
				9022D13E20D3C976002F016F /* AppDelegate.m */,
				9022D14020D3C976002F016F /* ViewController.h */,
				9022D14120D3C976002F016F /* ViewController.m */,
				901C4DF520D8A69C00A71C3D /* test.js */,
				9022D14320D3C976002F016F /* Main.storyboard */,
				9022D14620D3C976002F016F /* Assets.xcassets */,
				9022D14820D3C976002F016F /* LaunchScreen.storyboard */,
				9022D14B20D3C976002F016F /* Info.plist */,
				9022D14C20D3C976002F016F /* main.m */,
			);
			path = "Kimi-iOS-SDK";
			sourceTree = "<group>";
		};
		907D741620F7063200C1D7D7 /* Unit Test Supporting Files */ = {
			isa = PBXGroup;
			children = (
				907D741720F7063200C1D7D7 /* KimiTestExpectation.h */,
				907D741820F7063200C1D7D7 /* KimiTestExpectation.m */,
				907D741920F7063200C1D7D7 /* NSObject+KimiTestExpectation.h */,
				907D741A20F7063200C1D7D7 /* NSObject+KimiTestExpectation.m */,
				907D741B20F7063200C1D7D7 /* test.txt */,
			);
			path = "Unit Test Supporting Files";
			sourceTree = "<group>";
		};
		907D741C20F7063200C1D7D7 /* UI Test Supporting Files */ = {
			isa = PBXGroup;
			children = (
				907D742920F7089400C1D7D7 /* Tests */,
				907D742020F7067B00C1D7D7 /* KimiUITest.storyboard */,
				907D742620F7085400C1D7D7 /* KimiUITestMainTableViewController.h */,
				907D742720F7085400C1D7D7 /* KimiUITestMainTableViewController.m */,
				907D742320F7081D00C1D7D7 /* KimiUITestViewsViewController.h */,
				907D742420F7081D00C1D7D7 /* KimiUITestViewsViewController.m */,
			);
			path = "UI Test Supporting Files";
			sourceTree = "<group>";
		};
		907D742920F7089400C1D7D7 /* Tests */ = {
			isa = PBXGroup;
			children = (
				907D743F20F74D4500C1D7D7 /* KIMIUITestAsserts.h */,
				907D744020F74D4500C1D7D7 /* KIMIUITestAsserts.m */,
				907D742A20F7089400C1D7D7 /* UIViewTests.js */,
				907D743C20F74CDB00C1D7D7 /* UIViewAsserts.h */,
				907D743D20F74CDB00C1D7D7 /* UIViewAsserts.m */,
				907D744420F84C6900C1D7D7 /* UIButtonTests.js */,
				907D744620F84C7A00C1D7D7 /* UIButtonAsserts.h */,
				907D744720F84C7A00C1D7D7 /* UIButtonAsserts.m */,
				907D744920F8583500C1D7D7 /* UIImageViewTests.js */,
				907D744B20F8583F00C1D7D7 /* UIImageViewAsserts.h */,
				907D744C20F8583F00C1D7D7 /* UIImageViewAsserts.m */,
				907D744E20F879F300C1D7D7 /* UILabelTests.js */,
				907D745020F879FD00C1D7D7 /* UILabelAsserts.h */,
				907D745120F879FD00C1D7D7 /* UILabelAsserts.m */,
				907D745320F87EE100C1D7D7 /* UITextFieldTests.js */,
				907D745520F87EEA00C1D7D7 /* UITextFieldAsserts.h */,
				907D745620F87EEA00C1D7D7 /* UITextFieldAsserts.m */,
				907D745820F88CA000C1D7D7 /* UITextViewTests.js */,
				907D745A20F88CB400C1D7D7 /* UITextViewAsserts.h */,
				907D745B20F88CB400C1D7D7 /* UITextViewAsserts.m */,
			);
			path = Tests;
			sourceTree = "<group>";
		};
		907D743320F7449900C1D7D7 /* Kimi-iOS-SDKUITests */ = {
			isa = PBXGroup;
			children = (
				907D743420F7449900C1D7D7 /* Kimi_iOS_SDKUITests.m */,
				907D743620F7449900C1D7D7 /* Info.plist */,
			);
			path = "Kimi-iOS-SDKUITests";
			sourceTree = "<group>";
		};
		90AAD9C220EF7AA200D82173 /* Kimi-iOS-SDKTests */ = {
			isa = PBXGroup;
			children = (
				90F4B7A620F33E8B00E13294 /* Foundation */,
				90AAD9C520EF7AA200D82173 /* Info.plist */,
			);
			path = "Kimi-iOS-SDKTests";
			sourceTree = "<group>";
		};
		90F4B7A620F33E8B00E13294 /* Foundation */ = {
			isa = PBXGroup;
			children = (
				90F4B7A720F33E9900E13294 /* DispatchQueueTests.m */,
				90F4B7AD20F3413600E13294 /* UUIDTests.m */,
				90F4B7B320F344E300E13294 /* DataTests.m */,
				90F4B7BB20F35DE200E13294 /* UserDefaultsTests.m */,
				90F4B7C020F3665200E13294 /* TimerTests.m */,
				90F4B7C520F3783100E13294 /* URLTests.m */,
				90F4B7DC20F5A2EB00E13294 /* FileManagerTests.m */,
				90F4B7DE20F5AD2C00E13294 /* BundleTests.m */,
				90F4B7E420F5B02F00E13294 /* URLSessionTests.m */,
			);
			path = Foundation;
			sourceTree = "<group>";
		};
		961CCC4BDAFFD64368A856C5 /* Pods */ = {
			isa = PBXGroup;
			children = (
				DBBD3F36ABFC565ED8CF5D31 /* Pods-Kimi-iOS-SDK.debug.xcconfig */,
				B78C791A06EF5BC4DCC1AC17 /* Pods-Kimi-iOS-SDK.release.xcconfig */,
			);
			name = Pods;
			sourceTree = "<group>";
		};
/* End PBXGroup section */

/* Begin PBXNativeTarget section */
		9022D13920D3C976002F016F /* Kimi-iOS-SDK */ = {
			isa = PBXNativeTarget;
			buildConfigurationList = 9022D15020D3C976002F016F /* Build configuration list for PBXNativeTarget "Kimi-iOS-SDK" */;
			buildPhases = (
				4B2C2F7DBC9AC2BFC9D76C56 /* [CP] Check Pods Manifest.lock */,
				9022D13620D3C976002F016F /* Sources */,
				9022D13720D3C976002F016F /* Frameworks */,
				9022D13820D3C976002F016F /* Resources */,
			);
			buildRules = (
			);
			dependencies = (
			);
			name = "Kimi-iOS-SDK";
			productName = "Kimi-iOS-SDK";
			productReference = 9022D13A20D3C976002F016F /* Kimi-iOS-SDK.app */;
			productType = "com.apple.product-type.application";
		};
		907D743120F7449900C1D7D7 /* Kimi-iOS-SDKUITests */ = {
			isa = PBXNativeTarget;
			buildConfigurationList = 907D743920F7449900C1D7D7 /* Build configuration list for PBXNativeTarget "Kimi-iOS-SDKUITests" */;
			buildPhases = (
				907D742E20F7449900C1D7D7 /* Sources */,
				907D742F20F7449900C1D7D7 /* Frameworks */,
				907D743020F7449900C1D7D7 /* Resources */,
			);
			buildRules = (
			);
			dependencies = (
				907D743820F7449900C1D7D7 /* PBXTargetDependency */,
			);
			name = "Kimi-iOS-SDKUITests";
			productName = "Kimi-iOS-SDKUITests";
			productReference = 907D743220F7449900C1D7D7 /* Kimi-iOS-SDKUITests.xctest */;
			productType = "com.apple.product-type.bundle.ui-testing";
		};
		90AAD9C020EF7AA200D82173 /* Kimi-iOS-SDKTests */ = {
			isa = PBXNativeTarget;
			buildConfigurationList = 90AAD9C820EF7AA200D82173 /* Build configuration list for PBXNativeTarget "Kimi-iOS-SDKTests" */;
			buildPhases = (
				90AAD9BD20EF7AA200D82173 /* Sources */,
				90AAD9BE20EF7AA200D82173 /* Frameworks */,
				90AAD9BF20EF7AA200D82173 /* Resources */,
			);
			buildRules = (
			);
			dependencies = (
				90AAD9C720EF7AA200D82173 /* PBXTargetDependency */,
			);
			name = "Kimi-iOS-SDKTests";
			productName = "Kimi-iOS-SDKTests";
			productReference = 90AAD9C120EF7AA200D82173 /* Kimi-iOS-SDKTests.xctest */;
			productType = "com.apple.product-type.bundle.unit-test";
		};
/* End PBXNativeTarget section */

/* Begin PBXProject section */
		9022D13220D3C975002F016F /* Project object */ = {
			isa = PBXProject;
			attributes = {
				LastUpgradeCheck = 0930;
				ORGANIZATIONNAME = "XT Studio";
				TargetAttributes = {
					9022D13920D3C976002F016F = {
						CreatedOnToolsVersion = 9.3;
					};
					907D743120F7449900C1D7D7 = {
						CreatedOnToolsVersion = 9.4.1;
						TestTargetID = 9022D13920D3C976002F016F;
					};
					90AAD9C020EF7AA200D82173 = {
						CreatedOnToolsVersion = 9.4.1;
						TestTargetID = 9022D13920D3C976002F016F;
					};
				};
			};
			buildConfigurationList = 9022D13520D3C975002F016F /* Build configuration list for PBXProject "Kimi-iOS-SDK" */;
			compatibilityVersion = "Xcode 9.3";
			developmentRegion = en;
			hasScannedForEncodings = 0;
			knownRegions = (
				en,
				Base,
			);
			mainGroup = 9022D13120D3C975002F016F;
			productRefGroup = 9022D13B20D3C976002F016F /* Products */;
			projectDirPath = "";
			projectRoot = "";
			targets = (
				9022D13920D3C976002F016F /* Kimi-iOS-SDK */,
				90AAD9C020EF7AA200D82173 /* Kimi-iOS-SDKTests */,
				907D743120F7449900C1D7D7 /* Kimi-iOS-SDKUITests */,
			);
		};
/* End PBXProject section */

/* Begin PBXResourcesBuildPhase section */
		9022D13820D3C976002F016F /* Resources */ = {
			isa = PBXResourcesBuildPhase;
			buildActionMask = 2147483647;
			files = (
				907D744520F84C6900C1D7D7 /* UIButtonTests.js in Resources */,
				907D744F20F879F300C1D7D7 /* UILabelTests.js in Resources */,
				9022D14A20D3C976002F016F /* LaunchScreen.storyboard in Resources */,
				907D742120F7067B00C1D7D7 /* KimiUITest.storyboard in Resources */,
				907D742B20F7089400C1D7D7 /* UIViewTests.js in Resources */,
				9022D14720D3C976002F016F /* Assets.xcassets in Resources */,
				901C4DF620D8A69C00A71C3D /* test.js in Resources */,
				907D745420F87EE100C1D7D7 /* UITextFieldTests.js in Resources */,
				9022D14520D3C976002F016F /* Main.storyboard in Resources */,
				907D744A20F8583500C1D7D7 /* UIImageViewTests.js in Resources */,
				907D745920F88CA100C1D7D7 /* UITextViewTests.js in Resources */,
				907D741F20F7063200C1D7D7 /* test.txt in Resources */,
			);
			runOnlyForDeploymentPostprocessing = 0;
		};
		907D743020F7449900C1D7D7 /* Resources */ = {
			isa = PBXResourcesBuildPhase;
			buildActionMask = 2147483647;
			files = (
			);
			runOnlyForDeploymentPostprocessing = 0;
		};
		90AAD9BF20EF7AA200D82173 /* Resources */ = {
			isa = PBXResourcesBuildPhase;
			buildActionMask = 2147483647;
			files = (
			);
			runOnlyForDeploymentPostprocessing = 0;
		};
/* End PBXResourcesBuildPhase section */

/* Begin PBXShellScriptBuildPhase section */
		4B2C2F7DBC9AC2BFC9D76C56 /* [CP] Check Pods Manifest.lock */ = {
			isa = PBXShellScriptBuildPhase;
			buildActionMask = 2147483647;
			files = (
			);
			inputPaths = (
				"${PODS_PODFILE_DIR_PATH}/Podfile.lock",
				"${PODS_ROOT}/Manifest.lock",
			);
			name = "[CP] Check Pods Manifest.lock";
			outputPaths = (
				"$(DERIVED_FILE_DIR)/Pods-Kimi-iOS-SDK-checkManifestLockResult.txt",
			);
			runOnlyForDeploymentPostprocessing = 0;
			shellPath = /bin/sh;
			shellScript = "diff \"${PODS_PODFILE_DIR_PATH}/Podfile.lock\" \"${PODS_ROOT}/Manifest.lock\" > /dev/null\nif [ $? != 0 ] ; then\n    # print error to STDERR\n    echo \"error: The sandbox is not in sync with the Podfile.lock. Run 'pod install' or update your CocoaPods installation.\" >&2\n    exit 1\nfi\n# This output is used by Xcode 'outputs' to avoid re-running this script phase.\necho \"SUCCESS\" > \"${SCRIPT_OUTPUT_FILE_0}\"\n";
			showEnvVarsInLog = 0;
		};
/* End PBXShellScriptBuildPhase section */

/* Begin PBXSourcesBuildPhase section */
		9022D13620D3C976002F016F /* Sources */ = {
			isa = PBXSourcesBuildPhase;
			buildActionMask = 2147483647;
			files = (
				90AAD9B620ECE14300D82173 /* UIPageViewController+Kimi.m in Sources */,
				90AAD90420E6060100D82173 /* KIMIConfirm.m in Sources */,
				907D742820F7085400C1D7D7 /* KimiUITestMainTableViewController.m in Sources */,
				907D745720F87EEA00C1D7D7 /* UITextFieldAsserts.m in Sources */,
				90AAD91320E645F400D82173 /* NSAttributedString+Kimi.m in Sources */,
				901C4E0F20DA675B00A71C3D /* UIRotationGestureRecognizer+Kimi.m in Sources */,
				9022D14220D3C976002F016F /* ViewController.m in Sources */,
				901C4E2820DBC92900A71C3D /* UILabel+Kimi.m in Sources */,
				901C4E1F20DBA0CB00A71C3D /* UIFont+Kimi.m in Sources */,
				90F4B7D520F462BE00E13294 /* NSURLSessionTask+Kimi.m in Sources */,
				901C4E0920DA65FD00A71C3D /* UIPanGestureRecognizer+Kimi.m in Sources */,
				90F4B7CF20F460DA00E13294 /* NSURLResponse+Kimi.m in Sources */,
				901C4E2B20DBCDCA00A71C3D /* UITextField+Kimi.m in Sources */,
				907D745220F879FD00C1D7D7 /* UILabelAsserts.m in Sources */,
				907D744D20F8583F00C1D7D7 /* UIImageViewAsserts.m in Sources */,
				901C4E0620DA64AA00A71C3D /* UILongPressGestureRecognizer+Kimi.m in Sources */,
				907D740620F613F900C1D7D7 /* CADisplayLink+Kimi.m in Sources */,
				90F4B7D220F4612200E13294 /* NSURLSession+Kimi.m in Sources */,
				902D65DE20E2163B00A32EB8 /* UITextView+Kimi.m in Sources */,
				902D65E420E222BF00A32EB8 /* UITableView+Kimi.m in Sources */,
				90AAD90D20E62E8600D82173 /* UISlider+Kimi.m in Sources */,
				907D740720F6141600C1D7D7 /* CAGradientLayer+Kimi.m in Sources */,
				907D745C20F88CB400C1D7D7 /* UITextViewAsserts.m in Sources */,
				901C4DFA20D8BCC800A71C3D /* KIMIDispatchQueue.m in Sources */,
				90AAD95B20EB700E00D82173 /* UIScreen+Kimi.m in Sources */,
				901C4DFD20D8E75D00A71C3D /* KIMIUIAnimator.m in Sources */,
				90AAD94E20EA06B500D82173 /* NSMutableAttributedString+Kimi.m in Sources */,
				901C4E2520DBB47200A71C3D /* UIImage+Kimi.m in Sources */,
				902D65E120E21C9F00A32EB8 /* UIScrollView+Kimi.m in Sources */,
				9022D14D20D3C976002F016F /* main.m in Sources */,
				90AAD8FE20E600A700D82173 /* KIMIAlert.m in Sources */,
				901C4E1920DB70F200A71C3D /* CALayer+Kimi.m in Sources */,
				90AAD90A20E62BE400D82173 /* UISwitch+Kimi.m in Sources */,
				90F4B7D820F4680000E13294 /* NSBundle+Kimi.m in Sources */,
				901C4E0C20DA66C800A71C3D /* UIPinchGestureRecognizer+Kimi.m in Sources */,
				901C4DF120D3CE1600A71C3D /* UIView+Kimi.m in Sources */,
				90F4B7BF20F3660200E13294 /* KIMITimer.m in Sources */,
				907D743E20F74CDB00C1D7D7 /* UIViewAsserts.m in Sources */,
				90AAD9A720ECB93A00D82173 /* UINavigationItem+Kimi.m in Sources */,
				901C4E2220DBB17900A71C3D /* UIImageView+Kimi.m in Sources */,
				901C4E1C20DB958800A71C3D /* UIButton+Kimi.m in Sources */,
				90AAD91020E6420800D82173 /* WKWebView+Kimi.m in Sources */,
				90AAD9B320ECC5E100D82173 /* UITabBarItem+Kimi.m in Sources */,
				90AAD8F520E4EB5600D82173 /* UICollectionViewLayout+Kimi.m in Sources */,
				90AAD8F820E4ECC300D82173 /* UICollectionViewFlowLayout+Kimi.m in Sources */,
				90F4B7AC20F340CF00E13294 /* NSUUID+Kimi.m in Sources */,
				907D740A20F618AF00C1D7D7 /* CAShapeLayer+Kimi.m in Sources */,
				90F4B7C920F45E8500E13294 /* NSURLRequest+Kimi.m in Sources */,
				9022D13F20D3C976002F016F /* AppDelegate.m in Sources */,
				90AAD90720E6265B00D82173 /* UIActivityIndicatorView+Kimi.m in Sources */,
				907D742520F7081D00C1D7D7 /* KimiUITestViewsViewController.m in Sources */,
				901C4E0320DA0BCE00A71C3D /* UITapGestureRecognizer+Kimi.m in Sources */,
				90F4B7C420F374FF00E13294 /* NSURL+Kimi.m in Sources */,
				90AAD9B020ECC41F00D82173 /* UITabBar+Kimi.m in Sources */,
				909365FE20E39F60008E4BCA /* NSIndexPath+Kimi.m in Sources */,
				90AAD9A420ECB24400D82173 /* UINavigationBar+Kimi.m in Sources */,
				90AAD9A120ECA5B700D82173 /* UINavigationController+Kimi.m in Sources */,
				90AAD9B920EDCF0E00D82173 /* UIStackView+Kimi.m in Sources */,
				90AAD8F220E4EA8C00D82173 /* UICollectionView+Kimi.m in Sources */,
				90AAD9AD20ECC17900D82173 /* UITabBarController+Kimi.m in Sources */,
				90F4B7DB20F468CC00E13294 /* NSFileManager+Kimi.m in Sources */,
				907D740D20F61A8100C1D7D7 /* UIBezierPath+Kimi.m in Sources */,
				90AAD90120E603D900D82173 /* KIMIPrompt.m in Sources */,
				901C4DF420D8A4AE00A71C3D /* UIColor+Kimi.m in Sources */,
				907D744820F84C7A00C1D7D7 /* UIButtonAsserts.m in Sources */,
				90F4B7B220F3425C00E13294 /* NSData+Kimi.m in Sources */,
				90F4B7B720F358F500E13294 /* NSMutableData+Kimi.m in Sources */,
				901C4E0020DA093000A71C3D /* UIGestureRecognizer+Kimi.m in Sources */,
				907D744120F74D4500C1D7D7 /* KIMIUITestAsserts.m in Sources */,
				90AAD95E20EB71CF00D82173 /* UIDevice+Kimi.m in Sources */,
				90AAD9AA20ECBD6000D82173 /* UIBarButtonItem+Kimi.m in Sources */,
				902D65E720E22BB000A32EB8 /* UITableViewCell+Kimi.m in Sources */,
				90AAD99E20EC9C7100D82173 /* UIViewController+Kimi.m in Sources */,
				90F4B7BA20F35BBE00E13294 /* NSUserDefaults+Kimi.m in Sources */,
				90F4B7CC20F4602400E13294 /* NSMutableURLRequest+Kimi.m in Sources */,
				90AAD9BC20EE0C1400D82173 /* UIProgressView+Kimi.m in Sources */,
				907D741E20F7063200C1D7D7 /* NSObject+KimiTestExpectation.m in Sources */,
				907D741520F7027500C1D7D7 /* NSMutableParagraphStyle+Kimi.m in Sources */,
				90AAD8FB20E4EFE300D82173 /* UICollectionViewCell+Kimi.m in Sources */,
			);
			runOnlyForDeploymentPostprocessing = 0;
		};
		907D742E20F7449900C1D7D7 /* Sources */ = {
			isa = PBXSourcesBuildPhase;
			buildActionMask = 2147483647;
			files = (
				907D743520F7449900C1D7D7 /* Kimi_iOS_SDKUITests.m in Sources */,
			);
			runOnlyForDeploymentPostprocessing = 0;
		};
		90AAD9BD20EF7AA200D82173 /* Sources */ = {
			isa = PBXSourcesBuildPhase;
			buildActionMask = 2147483647;
			files = (
				90F4B7DD20F5A2EB00E13294 /* FileManagerTests.m in Sources */,
				90F4B7BC20F35DE200E13294 /* UserDefaultsTests.m in Sources */,
				907D742220F706C900C1D7D7 /* KimiTestExpectation.m in Sources */,
				90F4B7AE20F3413600E13294 /* UUIDTests.m in Sources */,
				90F4B7A820F33E9900E13294 /* DispatchQueueTests.m in Sources */,
				90F4B7C620F3783100E13294 /* URLTests.m in Sources */,
				90F4B7DF20F5AD2C00E13294 /* BundleTests.m in Sources */,
				90F4B7C120F3665200E13294 /* TimerTests.m in Sources */,
				90F4B7E520F5B02F00E13294 /* URLSessionTests.m in Sources */,
				90F4B7B420F344E300E13294 /* DataTests.m in Sources */,
			);
			runOnlyForDeploymentPostprocessing = 0;
		};
/* End PBXSourcesBuildPhase section */

/* Begin PBXTargetDependency section */
		907D743820F7449900C1D7D7 /* PBXTargetDependency */ = {
			isa = PBXTargetDependency;
			target = 9022D13920D3C976002F016F /* Kimi-iOS-SDK */;
			targetProxy = 907D743720F7449900C1D7D7 /* PBXContainerItemProxy */;
		};
		90AAD9C720EF7AA200D82173 /* PBXTargetDependency */ = {
			isa = PBXTargetDependency;
			target = 9022D13920D3C976002F016F /* Kimi-iOS-SDK */;
			targetProxy = 90AAD9C620EF7AA200D82173 /* PBXContainerItemProxy */;
		};
/* End PBXTargetDependency section */

/* Begin PBXVariantGroup section */
		9022D14320D3C976002F016F /* Main.storyboard */ = {
			isa = PBXVariantGroup;
			children = (
				9022D14420D3C976002F016F /* Base */,
			);
			name = Main.storyboard;
			sourceTree = "<group>";
		};
		9022D14820D3C976002F016F /* LaunchScreen.storyboard */ = {
			isa = PBXVariantGroup;
			children = (
				9022D14920D3C976002F016F /* Base */,
			);
			name = LaunchScreen.storyboard;
			sourceTree = "<group>";
		};
/* End PBXVariantGroup section */

/* Begin XCBuildConfiguration section */
		9022D14E20D3C976002F016F /* Debug */ = {
			isa = XCBuildConfiguration;
			buildSettings = {
				ALWAYS_SEARCH_USER_PATHS = NO;
				CLANG_ANALYZER_NONNULL = YES;
				CLANG_ANALYZER_NUMBER_OBJECT_CONVERSION = YES_AGGRESSIVE;
				CLANG_CXX_LANGUAGE_STANDARD = "gnu++14";
				CLANG_CXX_LIBRARY = "libc++";
				CLANG_ENABLE_MODULES = YES;
				CLANG_ENABLE_OBJC_ARC = YES;
				CLANG_ENABLE_OBJC_WEAK = YES;
				CLANG_WARN_BLOCK_CAPTURE_AUTORELEASING = YES;
				CLANG_WARN_BOOL_CONVERSION = YES;
				CLANG_WARN_COMMA = YES;
				CLANG_WARN_CONSTANT_CONVERSION = YES;
				CLANG_WARN_DEPRECATED_OBJC_IMPLEMENTATIONS = YES;
				CLANG_WARN_DIRECT_OBJC_ISA_USAGE = YES_ERROR;
				CLANG_WARN_DOCUMENTATION_COMMENTS = YES;
				CLANG_WARN_EMPTY_BODY = YES;
				CLANG_WARN_ENUM_CONVERSION = YES;
				CLANG_WARN_INFINITE_RECURSION = YES;
				CLANG_WARN_INT_CONVERSION = YES;
				CLANG_WARN_NON_LITERAL_NULL_CONVERSION = YES;
				CLANG_WARN_OBJC_IMPLICIT_RETAIN_SELF = YES;
				CLANG_WARN_OBJC_LITERAL_CONVERSION = YES;
				CLANG_WARN_OBJC_ROOT_CLASS = YES_ERROR;
				CLANG_WARN_RANGE_LOOP_ANALYSIS = YES;
				CLANG_WARN_STRICT_PROTOTYPES = YES;
				CLANG_WARN_SUSPICIOUS_MOVE = YES;
				CLANG_WARN_UNGUARDED_AVAILABILITY = YES_AGGRESSIVE;
				CLANG_WARN_UNREACHABLE_CODE = YES;
				CLANG_WARN__DUPLICATE_METHOD_MATCH = YES;
				CODE_SIGN_IDENTITY = "iPhone Developer";
				COPY_PHASE_STRIP = NO;
				DEBUG_INFORMATION_FORMAT = dwarf;
				ENABLE_STRICT_OBJC_MSGSEND = YES;
				ENABLE_TESTABILITY = YES;
				GCC_C_LANGUAGE_STANDARD = gnu11;
				GCC_DYNAMIC_NO_PIC = NO;
				GCC_NO_COMMON_BLOCKS = YES;
				GCC_OPTIMIZATION_LEVEL = 0;
				GCC_PREPROCESSOR_DEFINITIONS = (
					"DEBUG=1",
					"$(inherited)",
				);
				GCC_WARN_64_TO_32_BIT_CONVERSION = YES;
				GCC_WARN_ABOUT_RETURN_TYPE = YES_ERROR;
				GCC_WARN_UNDECLARED_SELECTOR = YES;
				GCC_WARN_UNINITIALIZED_AUTOS = YES_AGGRESSIVE;
				GCC_WARN_UNUSED_FUNCTION = YES;
				GCC_WARN_UNUSED_VARIABLE = YES;
				IPHONEOS_DEPLOYMENT_TARGET = 11.3;
				MTL_ENABLE_DEBUG_INFO = YES;
				ONLY_ACTIVE_ARCH = YES;
				SDKROOT = iphoneos;
			};
			name = Debug;
		};
		9022D14F20D3C976002F016F /* Release */ = {
			isa = XCBuildConfiguration;
			buildSettings = {
				ALWAYS_SEARCH_USER_PATHS = NO;
				CLANG_ANALYZER_NONNULL = YES;
				CLANG_ANALYZER_NUMBER_OBJECT_CONVERSION = YES_AGGRESSIVE;
				CLANG_CXX_LANGUAGE_STANDARD = "gnu++14";
				CLANG_CXX_LIBRARY = "libc++";
				CLANG_ENABLE_MODULES = YES;
				CLANG_ENABLE_OBJC_ARC = YES;
				CLANG_ENABLE_OBJC_WEAK = YES;
				CLANG_WARN_BLOCK_CAPTURE_AUTORELEASING = YES;
				CLANG_WARN_BOOL_CONVERSION = YES;
				CLANG_WARN_COMMA = YES;
				CLANG_WARN_CONSTANT_CONVERSION = YES;
				CLANG_WARN_DEPRECATED_OBJC_IMPLEMENTATIONS = YES;
				CLANG_WARN_DIRECT_OBJC_ISA_USAGE = YES_ERROR;
				CLANG_WARN_DOCUMENTATION_COMMENTS = YES;
				CLANG_WARN_EMPTY_BODY = YES;
				CLANG_WARN_ENUM_CONVERSION = YES;
				CLANG_WARN_INFINITE_RECURSION = YES;
				CLANG_WARN_INT_CONVERSION = YES;
				CLANG_WARN_NON_LITERAL_NULL_CONVERSION = YES;
				CLANG_WARN_OBJC_IMPLICIT_RETAIN_SELF = YES;
				CLANG_WARN_OBJC_LITERAL_CONVERSION = YES;
				CLANG_WARN_OBJC_ROOT_CLASS = YES_ERROR;
				CLANG_WARN_RANGE_LOOP_ANALYSIS = YES;
				CLANG_WARN_STRICT_PROTOTYPES = YES;
				CLANG_WARN_SUSPICIOUS_MOVE = YES;
				CLANG_WARN_UNGUARDED_AVAILABILITY = YES_AGGRESSIVE;
				CLANG_WARN_UNREACHABLE_CODE = YES;
				CLANG_WARN__DUPLICATE_METHOD_MATCH = YES;
				CODE_SIGN_IDENTITY = "iPhone Developer";
				COPY_PHASE_STRIP = NO;
				DEBUG_INFORMATION_FORMAT = "dwarf-with-dsym";
				ENABLE_NS_ASSERTIONS = NO;
				ENABLE_STRICT_OBJC_MSGSEND = YES;
				GCC_C_LANGUAGE_STANDARD = gnu11;
				GCC_NO_COMMON_BLOCKS = YES;
				GCC_WARN_64_TO_32_BIT_CONVERSION = YES;
				GCC_WARN_ABOUT_RETURN_TYPE = YES_ERROR;
				GCC_WARN_UNDECLARED_SELECTOR = YES;
				GCC_WARN_UNINITIALIZED_AUTOS = YES_AGGRESSIVE;
				GCC_WARN_UNUSED_FUNCTION = YES;
				GCC_WARN_UNUSED_VARIABLE = YES;
				IPHONEOS_DEPLOYMENT_TARGET = 11.3;
				MTL_ENABLE_DEBUG_INFO = NO;
				SDKROOT = iphoneos;
				VALIDATE_PRODUCT = YES;
			};
			name = Release;
		};
		9022D15120D3C976002F016F /* Debug */ = {
			isa = XCBuildConfiguration;
			baseConfigurationReference = DBBD3F36ABFC565ED8CF5D31 /* Pods-Kimi-iOS-SDK.debug.xcconfig */;
			buildSettings = {
				ASSETCATALOG_COMPILER_APPICON_NAME = AppIcon;
				CODE_SIGN_STYLE = Automatic;
				DEVELOPMENT_TEAM = 544P5CH38C;
				GCC_PREPROCESSOR_DEFINITIONS = (
					"$(inherited)",
					"COCOAPODS=1",
					"DEV=1",
				);
				INFOPLIST_FILE = "Kimi-iOS-SDK/Info.plist";
				IPHONEOS_DEPLOYMENT_TARGET = 9.0;
				LD_RUNPATH_SEARCH_PATHS = (
					"$(inherited)",
					"@executable_path/Frameworks",
				);
				PRODUCT_BUNDLE_IDENTIFIER = "com.xt.Kimi-iOS-SDK";
				PRODUCT_NAME = "$(TARGET_NAME)";
				TARGETED_DEVICE_FAMILY = "1,2";
			};
			name = Debug;
		};
		9022D15220D3C976002F016F /* Release */ = {
			isa = XCBuildConfiguration;
			baseConfigurationReference = B78C791A06EF5BC4DCC1AC17 /* Pods-Kimi-iOS-SDK.release.xcconfig */;
			buildSettings = {
				ASSETCATALOG_COMPILER_APPICON_NAME = AppIcon;
				CODE_SIGN_STYLE = Automatic;
				DEVELOPMENT_TEAM = 544P5CH38C;
				INFOPLIST_FILE = "Kimi-iOS-SDK/Info.plist";
				IPHONEOS_DEPLOYMENT_TARGET = 9.0;
				LD_RUNPATH_SEARCH_PATHS = (
					"$(inherited)",
					"@executable_path/Frameworks",
				);
				PRODUCT_BUNDLE_IDENTIFIER = "com.xt.Kimi-iOS-SDK";
				PRODUCT_NAME = "$(TARGET_NAME)";
				TARGETED_DEVICE_FAMILY = "1,2";
			};
			name = Release;
		};
		907D743A20F7449900C1D7D7 /* Debug */ = {
			isa = XCBuildConfiguration;
			buildSettings = {
				CODE_SIGN_STYLE = Automatic;
				DEVELOPMENT_TEAM = 544P5CH38C;
				INFOPLIST_FILE = "Kimi-iOS-SDKUITests/Info.plist";
				IPHONEOS_DEPLOYMENT_TARGET = 11.4;
				LD_RUNPATH_SEARCH_PATHS = (
					"$(inherited)",
					"@executable_path/Frameworks",
					"@loader_path/Frameworks",
				);
				PRODUCT_BUNDLE_IDENTIFIER = "com.xt.Kimi-iOS-SDKUITests";
				PRODUCT_NAME = "$(TARGET_NAME)";
				TARGETED_DEVICE_FAMILY = "1,2";
				TEST_TARGET_NAME = "Kimi-iOS-SDK";
			};
			name = Debug;
		};
		907D743B20F7449900C1D7D7 /* Release */ = {
			isa = XCBuildConfiguration;
			buildSettings = {
				CODE_SIGN_STYLE = Automatic;
				DEVELOPMENT_TEAM = 544P5CH38C;
				INFOPLIST_FILE = "Kimi-iOS-SDKUITests/Info.plist";
				IPHONEOS_DEPLOYMENT_TARGET = 11.4;
				LD_RUNPATH_SEARCH_PATHS = (
					"$(inherited)",
					"@executable_path/Frameworks",
					"@loader_path/Frameworks",
				);
				PRODUCT_BUNDLE_IDENTIFIER = "com.xt.Kimi-iOS-SDKUITests";
				PRODUCT_NAME = "$(TARGET_NAME)";
				TARGETED_DEVICE_FAMILY = "1,2";
				TEST_TARGET_NAME = "Kimi-iOS-SDK";
			};
			name = Release;
		};
		90AAD9C920EF7AA200D82173 /* Debug */ = {
			isa = XCBuildConfiguration;
			buildSettings = {
				BUNDLE_LOADER = "$(TEST_HOST)";
				CODE_SIGN_STYLE = Automatic;
				INFOPLIST_FILE = "Kimi-iOS-SDKTests/Info.plist";
				IPHONEOS_DEPLOYMENT_TARGET = 11.4;
				LD_RUNPATH_SEARCH_PATHS = (
					"$(inherited)",
					"@executable_path/Frameworks",
					"@loader_path/Frameworks",
				);
				PRODUCT_BUNDLE_IDENTIFIER = "com.xt.Kimi-iOS-SDKTests";
				PRODUCT_NAME = "$(TARGET_NAME)";
				TARGETED_DEVICE_FAMILY = "1,2";
				TEST_HOST = "$(BUILT_PRODUCTS_DIR)/Kimi-iOS-SDK.app/Kimi-iOS-SDK";
			};
			name = Debug;
		};
		90AAD9CA20EF7AA200D82173 /* Release */ = {
			isa = XCBuildConfiguration;
			buildSettings = {
				BUNDLE_LOADER = "$(TEST_HOST)";
				CODE_SIGN_STYLE = Automatic;
				INFOPLIST_FILE = "Kimi-iOS-SDKTests/Info.plist";
				IPHONEOS_DEPLOYMENT_TARGET = 11.4;
				LD_RUNPATH_SEARCH_PATHS = (
					"$(inherited)",
					"@executable_path/Frameworks",
					"@loader_path/Frameworks",
				);
				PRODUCT_BUNDLE_IDENTIFIER = "com.xt.Kimi-iOS-SDKTests";
				PRODUCT_NAME = "$(TARGET_NAME)";
				TARGETED_DEVICE_FAMILY = "1,2";
				TEST_HOST = "$(BUILT_PRODUCTS_DIR)/Kimi-iOS-SDK.app/Kimi-iOS-SDK";
			};
			name = Release;
		};
/* End XCBuildConfiguration section */

/* Begin XCConfigurationList section */
		9022D13520D3C975002F016F /* Build configuration list for PBXProject "Kimi-iOS-SDK" */ = {
			isa = XCConfigurationList;
			buildConfigurations = (
				9022D14E20D3C976002F016F /* Debug */,
				9022D14F20D3C976002F016F /* Release */,
			);
			defaultConfigurationIsVisible = 0;
			defaultConfigurationName = Release;
		};
		9022D15020D3C976002F016F /* Build configuration list for PBXNativeTarget "Kimi-iOS-SDK" */ = {
			isa = XCConfigurationList;
			buildConfigurations = (
				9022D15120D3C976002F016F /* Debug */,
				9022D15220D3C976002F016F /* Release */,
			);
			defaultConfigurationIsVisible = 0;
			defaultConfigurationName = Release;
		};
		907D743920F7449900C1D7D7 /* Build configuration list for PBXNativeTarget "Kimi-iOS-SDKUITests" */ = {
			isa = XCConfigurationList;
			buildConfigurations = (
				907D743A20F7449900C1D7D7 /* Debug */,
				907D743B20F7449900C1D7D7 /* Release */,
			);
			defaultConfigurationIsVisible = 0;
			defaultConfigurationName = Release;
		};
		90AAD9C820EF7AA200D82173 /* Build configuration list for PBXNativeTarget "Kimi-iOS-SDKTests" */ = {
			isa = XCConfigurationList;
			buildConfigurations = (
				90AAD9C920EF7AA200D82173 /* Debug */,
				90AAD9CA20EF7AA200D82173 /* Release */,
			);
			defaultConfigurationIsVisible = 0;
			defaultConfigurationName = Release;
		};
/* End XCConfigurationList section */
	};
	rootObject = 9022D13220D3C975002F016F /* Project object */;
}
